{
  "object": {
    "pins": [
      {
        "package": "Nimble",
        "repositoryURL": "https://www.github.com/Quick/Nimble",
        "state": {
          "branch": null,
          "revision": "e9d769113660769a4d9dd3afb855562c0b7ae7b0",
          "version": "7.3.4"
        }
      },
      {
        "package": "Quick",
        "repositoryURL": "https://www.github.com/Quick/Quick",
        "state": {
          "branch": null,
          "revision": "f2b5a06440ea87eba1a167cab37bf6496646c52e",
          "version": "1.3.4"
        }
      },
      {
        "package": "Result",
        "repositoryURL": "https://www.github.com/antitypical/Result",
        "state": {
          "branch": null,
          "revision": "2ca499ba456795616fbc471561ff1d963e6ae160",
          "version": "4.1.0"
        }
      },
      {
        "package": "SignPost",
        "repositoryURL": "https://www.github.com/doozMen/SignPost",
        "state": {
          "branch": null,
          "revision": "2267389b0367f6e49a5b0fa931c28164a572dbe0",
          "version": "1.0.0"
        }
      },
      {
        "package": "SwiftFormat",
        "repositoryURL": "https://github.com/nicklockwood/SwiftFormat",
        "state": {
          "branch": null,
          "revision": "ccb33374ef60c174d7f1855a4a3fbe4036ec0d76",
          "version": "0.39.4"
        }
      },
      {
        "package": "template-sourcery",
        "repositoryURL": "https://www.github.com/doozMen/template-sourcery",
        "state": {
          "branch": null,
          "revision": "8782d6d289be75267d4400371da682dc667039cd",
          "version": "1.2.0"
        }
      },
      {
        "package": "ZFile",
        "repositoryURL": "https://www.github.com/doozMen/ZFile",
        "state": {
          "branch": null,
          "revision": "1527ffbd038ea97fe15ca580a63da9f7cc4472c4",
          "version": "2.0.2"
        }
      }
    ]
  },
  "version": 1
}
