// !$*UTF8*$!
{
	archiveVersion = 1;
	classes = {
	};
	objectVersion = 50;
	objects = {

/* Begin PBXBuildFile section */
		FD0553F421D1370D00E9B0D0 /* ZFile.framework in Frameworks */ = {isa = PBXBuildFile; fileRef = FD05539D21D1282C00E9B0D0 /* ZFile.framework */; };
		FD0553F521D1370D00E9B0D0 /* ZFile.framework in Embed Frameworks */ = {isa = PBXBuildFile; fileRef = FD05539D21D1282C00E9B0D0 /* ZFile.framework */; settings = {ATTRIBUTES = (CodeSignOnCopy, RemoveHeadersOnCopy, ); }; };
		FD0553FA21D1373C00E9B0D0 /* ZFile.framework in Frameworks */ = {isa = PBXBuildFile; fileRef = FD05539D21D1282C00E9B0D0 /* ZFile.framework */; };
		FD0553FB21D1375F00E9B0D0 /* ZFileMock.framework in Frameworks */ = {isa = PBXBuildFile; fileRef = FD05539F21D1282C00E9B0D0 /* ZFileMock.framework */; };
		FD05540221D137A300E9B0D0 /* Quick.framework in Frameworks */ = {isa = PBXBuildFile; fileRef = FD4E54F921D1272700B5A776 /* Quick.framework */; };
		FD05540321D137A900E9B0D0 /* Nimble.framework in Frameworks */ = {isa = PBXBuildFile; fileRef = FD4E54DE21D1271900B5A776 /* Nimble.framework */; };
		FD27B87621D69317008F829A /* JWT.framework in Frameworks */ = {isa = PBXBuildFile; fileRef = FD27B84021D69307008F829A /* JWT.framework */; };
		FD27B87721D69317008F829A /* JWT.framework in Embed Frameworks */ = {isa = PBXBuildFile; fileRef = FD27B84021D69307008F829A /* JWT.framework */; settings = {ATTRIBUTES = (CodeSignOnCopy, RemoveHeadersOnCopy, ); }; };
		FD27B87B21D69345008F829A /* CryptoSwift.framework in Frameworks */ = {isa = PBXBuildFile; fileRef = FD27B87A21D69345008F829A /* CryptoSwift.framework */; };
		FD27B87C21D69345008F829A /* CryptoSwift.framework in Embed Frameworks */ = {isa = PBXBuildFile; fileRef = FD27B87A21D69345008F829A /* CryptoSwift.framework */; settings = {ATTRIBUTES = (CodeSignOnCopy, RemoveHeadersOnCopy, ); }; };
		FDB7A8A821CD51870045DDA8 /* AutomateTests.swift in Sources */ = {isa = PBXBuildFile; fileRef = FDB7A8A621CD51870045DDA8 /* AutomateTests.swift */; };
		FDB7A8AA21CD524D0045DDA8 /* Main.storyboard in Resources */ = {isa = PBXBuildFile; fileRef = FDDEE02721CD4B820007D4EB /* Main.storyboard */; };
		FDDEE12521CD4DC90007D4EB /* AutomateHighwayViewController.swift in Sources */ = {isa = PBXBuildFile; fileRef = FDDEE02421CD4B820007D4EB /* AutomateHighwayViewController.swift */; };
		FDDEE12621CD4DCB0007D4EB /* AutomateSourceryWorker.swift in Sources */ = {isa = PBXBuildFile; fileRef = FDDEE02521CD4B820007D4EB /* AutomateSourceryWorker.swift */; };
		FDDEE12721CD4DD30007D4EB /* AppDelegate.swift in Sources */ = {isa = PBXBuildFile; fileRef = FDDEE02921CD4B820007D4EB /* AppDelegate.swift */; };
		FDDEE12821CD4E040007D4EB /* Assets.xcassets in Resources */ = {isa = PBXBuildFile; fileRef = FDDEE02621CD4B820007D4EB /* Assets.xcassets */; };
		FDDEE12E21CD4E6D0007D4EB /* Arguments.framework in Frameworks */ = {isa = PBXBuildFile; fileRef = FDDEE04F21CD4BC40007D4EB /* Arguments.framework */; };
		FDDEE12F21CD4E6D0007D4EB /* Arguments.framework in Embed Frameworks */ = {isa = PBXBuildFile; fileRef = FDDEE04F21CD4BC40007D4EB /* Arguments.framework */; settings = {ATTRIBUTES = (CodeSignOnCopy, RemoveHeadersOnCopy, ); }; };
		FDDEE13221CD4E6D0007D4EB /* Keychain.framework in Frameworks */ = {isa = PBXBuildFile; fileRef = FDDEE06521CD4BC40007D4EB /* Keychain.framework */; };
		FDDEE13321CD4E6D0007D4EB /* Keychain.framework in Embed Frameworks */ = {isa = PBXBuildFile; fileRef = FDDEE06521CD4BC40007D4EB /* Keychain.framework */; settings = {ATTRIBUTES = (CodeSignOnCopy, RemoveHeadersOnCopy, ); }; };
		FDDEE13621CD4E6D0007D4EB /* Terminal.framework in Frameworks */ = {isa = PBXBuildFile; fileRef = FDDEE05321CD4BC40007D4EB /* Terminal.framework */; };
		FDDEE13721CD4E6D0007D4EB /* Terminal.framework in Embed Frameworks */ = {isa = PBXBuildFile; fileRef = FDDEE05321CD4BC40007D4EB /* Terminal.framework */; settings = {ATTRIBUTES = (CodeSignOnCopy, RemoveHeadersOnCopy, ); }; };
		FDDEE13A21CD4E6D0007D4EB /* POSIX.framework in Frameworks */ = {isa = PBXBuildFile; fileRef = FDDEE05B21CD4BC40007D4EB /* POSIX.framework */; };
		FDDEE13B21CD4E6D0007D4EB /* POSIX.framework in Embed Frameworks */ = {isa = PBXBuildFile; fileRef = FDDEE05B21CD4BC40007D4EB /* POSIX.framework */; settings = {ATTRIBUTES = (CodeSignOnCopy, RemoveHeadersOnCopy, ); }; };
		FDDEE13E21CD4E6D0007D4EB /* XCBuild.framework in Frameworks */ = {isa = PBXBuildFile; fileRef = FDDEE05F21CD4BC40007D4EB /* XCBuild.framework */; };
		FDDEE13F21CD4E6D0007D4EB /* XCBuild.framework in Embed Frameworks */ = {isa = PBXBuildFile; fileRef = FDDEE05F21CD4BC40007D4EB /* XCBuild.framework */; settings = {ATTRIBUTES = (CodeSignOnCopy, RemoveHeadersOnCopy, ); }; };
		FDDEE14221CD4E6D0007D4EB /* Result.framework in Frameworks */ = {isa = PBXBuildFile; fileRef = FDDEE06721CD4BC40007D4EB /* Result.framework */; };
		FDDEE14321CD4E6D0007D4EB /* Result.framework in Embed Frameworks */ = {isa = PBXBuildFile; fileRef = FDDEE06721CD4BC40007D4EB /* Result.framework */; settings = {ATTRIBUTES = (CodeSignOnCopy, RemoveHeadersOnCopy, ); }; };
		FDDEE14621CD4E6D0007D4EB /* Errors.framework in Frameworks */ = {isa = PBXBuildFile; fileRef = FDDEE05D21CD4BC40007D4EB /* Errors.framework */; };
		FDDEE14721CD4E6D0007D4EB /* Errors.framework in Embed Frameworks */ = {isa = PBXBuildFile; fileRef = FDDEE05D21CD4BC40007D4EB /* Errors.framework */; settings = {ATTRIBUTES = (CodeSignOnCopy, RemoveHeadersOnCopy, ); }; };
		FDDEE14A21CD4E6D0007D4EB /* SourceryAutoProtocols.framework in Frameworks */ = {isa = PBXBuildFile; fileRef = FDDEE05721CD4BC40007D4EB /* SourceryAutoProtocols.framework */; };
		FDDEE14B21CD4E6D0007D4EB /* SourceryAutoProtocols.framework in Embed Frameworks */ = {isa = PBXBuildFile; fileRef = FDDEE05721CD4BC40007D4EB /* SourceryAutoProtocols.framework */; settings = {ATTRIBUTES = (CodeSignOnCopy, RemoveHeadersOnCopy, ); }; };
		FDDEE14E21CD4E6D0007D4EB /* Git.framework in Frameworks */ = {isa = PBXBuildFile; fileRef = FDDEE06B21CD4BC40007D4EB /* Git.framework */; };
		FDDEE14F21CD4E6D0007D4EB /* Git.framework in Embed Frameworks */ = {isa = PBXBuildFile; fileRef = FDDEE06B21CD4BC40007D4EB /* Git.framework */; settings = {ATTRIBUTES = (CodeSignOnCopy, RemoveHeadersOnCopy, ); }; };
		FDDEE15221CD4E6D0007D4EB /* Deliver.framework in Frameworks */ = {isa = PBXBuildFile; fileRef = FDDEE06321CD4BC40007D4EB /* Deliver.framework */; };
		FDDEE15321CD4E6D0007D4EB /* Deliver.framework in Embed Frameworks */ = {isa = PBXBuildFile; fileRef = FDDEE06321CD4BC40007D4EB /* Deliver.framework */; settings = {ATTRIBUTES = (CodeSignOnCopy, RemoveHeadersOnCopy, ); }; };
		FDDEE15621CD4E6D0007D4EB /* Task.framework in Frameworks */ = {isa = PBXBuildFile; fileRef = FDDEE05521CD4BC40007D4EB /* Task.framework */; };
		FDDEE15721CD4E6D0007D4EB /* Task.framework in Embed Frameworks */ = {isa = PBXBuildFile; fileRef = FDDEE05521CD4BC40007D4EB /* Task.framework */; settings = {ATTRIBUTES = (CodeSignOnCopy, RemoveHeadersOnCopy, ); }; };
		FDDEE15A21CD4E6D0007D4EB /* Url.framework in Frameworks */ = {isa = PBXBuildFile; fileRef = FDDEE06121CD4BC40007D4EB /* Url.framework */; };
		FDDEE15B21CD4E6D0007D4EB /* Url.framework in Embed Frameworks */ = {isa = PBXBuildFile; fileRef = FDDEE06121CD4BC40007D4EB /* Url.framework */; settings = {ATTRIBUTES = (CodeSignOnCopy, RemoveHeadersOnCopy, ); }; };
		FDDEE15E21CD4E6D0007D4EB /* SourceryWorker.framework in Frameworks */ = {isa = PBXBuildFile; fileRef = FDDEE05921CD4BC40007D4EB /* SourceryWorker.framework */; };
		FDDEE15F21CD4E6D0007D4EB /* SourceryWorker.framework in Embed Frameworks */ = {isa = PBXBuildFile; fileRef = FDDEE05921CD4BC40007D4EB /* SourceryWorker.framework */; settings = {ATTRIBUTES = (CodeSignOnCopy, RemoveHeadersOnCopy, ); }; };
		FDDEE16621CD4E6D0007D4EB /* SignPost.framework in Frameworks */ = {isa = PBXBuildFile; fileRef = FDDEE05121CD4BC40007D4EB /* SignPost.framework */; };
		FDDEE16721CD4E6D0007D4EB /* SignPost.framework in Embed Frameworks */ = {isa = PBXBuildFile; fileRef = FDDEE05121CD4BC40007D4EB /* SignPost.framework */; settings = {ATTRIBUTES = (CodeSignOnCopy, RemoveHeadersOnCopy, ); }; };
		FDF72D8221D6825A006009D3 /* Cartfile in Resources */ = {isa = PBXBuildFile; fileRef = FDF72D8121D6825A006009D3 /* Cartfile */; };
/* End PBXBuildFile section */

/* Begin PBXContainerItemProxy section */
		FD05539821D1282C00E9B0D0 /* PBXContainerItemProxy */ = {
			isa = PBXContainerItemProxy;
			containerPortal = FDDEE08721CD4C010007D4EB /* ZFile.xcodeproj */;
			proxyType = 2;
			remoteGlobalIDString = FD737D9221B03BD3001BB507;
			remoteInfo = "ZFile-iOS";
		};
		FD05539A21D1282C00E9B0D0 /* PBXContainerItemProxy */ = {
			isa = PBXContainerItemProxy;
			containerPortal = FDDEE08721CD4C010007D4EB /* ZFile.xcodeproj */;
			proxyType = 2;
			remoteGlobalIDString = FDDB930A21CD955600B6D5E9;
			remoteInfo = "ZFileMock-ios";
		};
		FD05539C21D1282C00E9B0D0 /* PBXContainerItemProxy */ = {
			isa = PBXContainerItemProxy;
			containerPortal = FDDEE08721CD4C010007D4EB /* ZFile.xcodeproj */;
			proxyType = 2;
			remoteGlobalIDString = FD737DC021B03D25001BB507;
			remoteInfo = "ZFile-macos";
		};
		FD05539E21D1282C00E9B0D0 /* PBXContainerItemProxy */ = {
			isa = PBXContainerItemProxy;
			containerPortal = FDDEE08721CD4C010007D4EB /* ZFile.xcodeproj */;
			proxyType = 2;
			remoteGlobalIDString = FDDB92FD21CD953400B6D5E9;
			remoteInfo = "ZFileMock-macos";
		};
		FD0553A021D1282C00E9B0D0 /* PBXContainerItemProxy */ = {
			isa = PBXContainerItemProxy;
			containerPortal = FDDEE08721CD4C010007D4EB /* ZFile.xcodeproj */;
			proxyType = 2;
			remoteGlobalIDString = FD1B88A721CE27B70055C2C1;
			remoteInfo = "FoundationGenericHelper-ios";
		};
		FD0553A221D1282C00E9B0D0 /* PBXContainerItemProxy */ = {
			isa = PBXContainerItemProxy;
			containerPortal = FDDEE08721CD4C010007D4EB /* ZFile.xcodeproj */;
			proxyType = 2;
			remoteGlobalIDString = FD1B88B421CE27D80055C2C1;
			remoteInfo = "FoundationGenericHelper-macos";
		};
		FD0553F021D136F900E9B0D0 /* PBXContainerItemProxy */ = {
			isa = PBXContainerItemProxy;
			containerPortal = FDDEE08721CD4C010007D4EB /* ZFile.xcodeproj */;
			proxyType = 1;
			remoteGlobalIDString = FD737DBF21B03D25001BB507;
			remoteInfo = "ZFile-macos";
		};
		FD0553F621D1370D00E9B0D0 /* PBXContainerItemProxy */ = {
			isa = PBXContainerItemProxy;
			containerPortal = FDDEE08721CD4C010007D4EB /* ZFile.xcodeproj */;
			proxyType = 1;
			remoteGlobalIDString = FD737DBF21B03D25001BB507;
			remoteInfo = "ZFile-macos";
		};
		FD0553F821D1373100E9B0D0 /* PBXContainerItemProxy */ = {
			isa = PBXContainerItemProxy;
			containerPortal = FDDEE08721CD4C010007D4EB /* ZFile.xcodeproj */;
			proxyType = 1;
			remoteGlobalIDString = FDDB92FC21CD953400B6D5E9;
			remoteInfo = "ZFileMock-macos";
		};
		FD0553FC21D1376900E9B0D0 /* PBXContainerItemProxy */ = {
			isa = PBXContainerItemProxy;
			containerPortal = FDDEE08721CD4C010007D4EB /* ZFile.xcodeproj */;
			proxyType = 1;
			remoteGlobalIDString = FD737DBF21B03D25001BB507;
			remoteInfo = "ZFile-macos";
		};
		FD0553FE21D1379400E9B0D0 /* PBXContainerItemProxy */ = {
			isa = PBXContainerItemProxy;
			containerPortal = FDDEE0ED21CD4CC80007D4EB /* Quick.xcodeproj */;
			proxyType = 1;
			remoteGlobalIDString = DAEB6B8D1943873100289F44;
			remoteInfo = "Quick-macOS";
		};
		FD05540021D1379D00E9B0D0 /* PBXContainerItemProxy */ = {
			isa = PBXContainerItemProxy;
			containerPortal = FDDEE0C521CD4CBF0007D4EB /* Nimble.xcodeproj */;
			proxyType = 1;
			remoteGlobalIDString = 1F925EAC195C0D6300ED456B;
			remoteInfo = "Nimble-macOS";
		};
		FD27B83F21D69307008F829A /* PBXContainerItemProxy */ = {
			isa = PBXContainerItemProxy;
			containerPortal = FD27B83621D69306008F829A /* JWT.xcodeproj */;
			proxyType = 2;
			remoteGlobalIDString = 279D639C1AD07FFF0024E2BC;
			remoteInfo = "JWT-OSX";
		};
		FD27B84121D69307008F829A /* PBXContainerItemProxy */ = {
			isa = PBXContainerItemProxy;
			containerPortal = FD27B83621D69306008F829A /* JWT.xcodeproj */;
			proxyType = 2;
			remoteGlobalIDString = CD9B62231C7753D8005D4844;
			remoteInfo = "JWT-iOS";
		};
		FD27B84321D69307008F829A /* PBXContainerItemProxy */ = {
			isa = PBXContainerItemProxy;
			containerPortal = FD27B83621D69306008F829A /* JWT.xcodeproj */;
			proxyType = 2;
			remoteGlobalIDString = CD9B62351C7753EC005D4844;
			remoteInfo = "JWT-tvOS";
		};
		FD27B84521D69307008F829A /* PBXContainerItemProxy */ = {
			isa = PBXContainerItemProxy;
			containerPortal = FD27B83621D69306008F829A /* JWT.xcodeproj */;
			proxyType = 2;
			remoteGlobalIDString = CD9B62471C7753FB005D4844;
			remoteInfo = "JWT-watchOS";
		};
		FD27B84721D69307008F829A /* PBXContainerItemProxy */ = {
			isa = PBXContainerItemProxy;
			containerPortal = FD27B83621D69306008F829A /* JWT.xcodeproj */;
			proxyType = 2;
			remoteGlobalIDString = 279D63A71AD07FFF0024E2BC;
			remoteInfo = JWTTests;
		};
		FD27B87821D69317008F829A /* PBXContainerItemProxy */ = {
			isa = PBXContainerItemProxy;
			containerPortal = FD27B83621D69306008F829A /* JWT.xcodeproj */;
			proxyType = 1;
			remoteGlobalIDString = 279D639B1AD07FFF0024E2BC;
			remoteInfo = "JWT-OSX";
		};
		FD4E54AD21D126E300B5A776 /* PBXContainerItemProxy */ = {
			isa = PBXContainerItemProxy;
			containerPortal = FDDEDFC921CD4B6F0007D4EB /* 🛣.xcodeproj */;
			proxyType = 2;
			remoteGlobalIDString = FDB7A9C721CD6F7F0045DDA8;
			remoteInfo = SignPostMock;
		};
		FD4E54AF21D126E300B5A776 /* PBXContainerItemProxy */ = {
			isa = PBXContainerItemProxy;
			containerPortal = FDDEDFC921CD4B6F0007D4EB /* 🛣.xcodeproj */;
			proxyType = 2;
			remoteGlobalIDString = FDB7A9E221CD736C0045DDA8;
			remoteInfo = TerminalMock;
		};
		FD4E54B121D126E300B5A776 /* PBXContainerItemProxy */ = {
			isa = PBXContainerItemProxy;
			containerPortal = FDDEDFC921CD4B6F0007D4EB /* 🛣.xcodeproj */;
			proxyType = 2;
			remoteGlobalIDString = FDB7A9FC21CD7E8C0045DDA8;
			remoteInfo = TaskMock;
		};
		FD4E54B321D126E300B5A776 /* PBXContainerItemProxy */ = {
			isa = PBXContainerItemProxy;
			containerPortal = FDDEDFC921CD4B6F0007D4EB /* 🛣.xcodeproj */;
			proxyType = 2;
			remoteGlobalIDString = FDB7AA0D21CD81DC0045DDA8;
			remoteInfo = SourceryWorkerMock;
		};
		FD4E54CA21D1270800B5A776 /* PBXContainerItemProxy */ = {
			isa = PBXContainerItemProxy;
			containerPortal = FDDEE0B321CD4C230007D4EB /* Sourcery.xcodeproj */;
			proxyType = 2;
			remoteGlobalIDString = CD754C8B1D853F000082B512;
			remoteInfo = Sourcery;
		};
		FD4E54CC21D1270800B5A776 /* PBXContainerItemProxy */ = {
			isa = PBXContainerItemProxy;
			containerPortal = FDDEE0B321CD4C230007D4EB /* Sourcery.xcodeproj */;
			proxyType = 2;
			remoteGlobalIDString = CD754C9A1D853F000082B512;
			remoteInfo = SourceryTests;
		};
		FD4E54CE21D1270800B5A776 /* PBXContainerItemProxy */ = {
			isa = PBXContainerItemProxy;
			containerPortal = FDDEE0B321CD4C230007D4EB /* Sourcery.xcodeproj */;
			proxyType = 2;
			remoteGlobalIDString = 64E201A31EAE8FBF00EAD8A2;
			remoteInfo = SourceryRuntime;
		};
		FD4E54D021D1270800B5A776 /* PBXContainerItemProxy */ = {
			isa = PBXContainerItemProxy;
			containerPortal = FDDEE0B321CD4C230007D4EB /* Sourcery.xcodeproj */;
			proxyType = 2;
			remoteGlobalIDString = 6393BC692019F58D0044E8CC;
			remoteInfo = SourceryJS;
		};
		FD4E54D221D1270800B5A776 /* PBXContainerItemProxy */ = {
			isa = PBXContainerItemProxy;
			containerPortal = FDDEE0B321CD4C230007D4EB /* Sourcery.xcodeproj */;
			proxyType = 2;
			remoteGlobalIDString = 635AB26A201F2E5300342C13;
			remoteInfo = SourcerySwift;
		};
		FD4E54DD21D1271900B5A776 /* PBXContainerItemProxy */ = {
			isa = PBXContainerItemProxy;
			containerPortal = FDDEE0C521CD4CBF0007D4EB /* Nimble.xcodeproj */;
			proxyType = 2;
			remoteGlobalIDString = 1F925EAD195C0D6300ED456B;
			remoteInfo = "Nimble-macOS";
		};
		FD4E54DF21D1271900B5A776 /* PBXContainerItemProxy */ = {
			isa = PBXContainerItemProxy;
			containerPortal = FDDEE0C521CD4CBF0007D4EB /* Nimble.xcodeproj */;
			proxyType = 2;
			remoteGlobalIDString = 1F925EB7195C0D6300ED456B;
			remoteInfo = "Nimble-macOSTests";
		};
		FD4E54E121D1271900B5A776 /* PBXContainerItemProxy */ = {
			isa = PBXContainerItemProxy;
			containerPortal = FDDEE0C521CD4CBF0007D4EB /* Nimble.xcodeproj */;
			proxyType = 2;
			remoteGlobalIDString = 1F1A74291940169200FFFC47;
			remoteInfo = "Nimble-iOS";
		};
		FD4E54E321D1271900B5A776 /* PBXContainerItemProxy */ = {
			isa = PBXContainerItemProxy;
			containerPortal = FDDEE0C521CD4CBF0007D4EB /* Nimble.xcodeproj */;
			proxyType = 2;
			remoteGlobalIDString = 1F1A74341940169200FFFC47;
			remoteInfo = "Nimble-iOSTests";
		};
		FD4E54E521D1271900B5A776 /* PBXContainerItemProxy */ = {
			isa = PBXContainerItemProxy;
			containerPortal = FDDEE0C521CD4CBF0007D4EB /* Nimble.xcodeproj */;
			proxyType = 2;
			remoteGlobalIDString = 1F5DF1551BDCA0CE00C3A531;
			remoteInfo = "Nimble-tvOS";
		};
		FD4E54E721D1271900B5A776 /* PBXContainerItemProxy */ = {
			isa = PBXContainerItemProxy;
			containerPortal = FDDEE0C521CD4CBF0007D4EB /* Nimble.xcodeproj */;
			proxyType = 2;
			remoteGlobalIDString = 1F5DF15E1BDCA0CE00C3A531;
			remoteInfo = "Nimble-tvOSTests";
		};
		FD4E54F821D1272700B5A776 /* PBXContainerItemProxy */ = {
			isa = PBXContainerItemProxy;
			containerPortal = FDDEE0ED21CD4CC80007D4EB /* Quick.xcodeproj */;
			proxyType = 2;
			remoteGlobalIDString = DAEB6B8E1943873100289F44;
			remoteInfo = "Quick-macOS";
		};
		FD4E54FA21D1272700B5A776 /* PBXContainerItemProxy */ = {
			isa = PBXContainerItemProxy;
			containerPortal = FDDEE0ED21CD4CC80007D4EB /* Quick.xcodeproj */;
			proxyType = 2;
			remoteGlobalIDString = DAEB6B991943873100289F44;
			remoteInfo = "Quick - macOSTests";
		};
		FD4E54FC21D1272700B5A776 /* PBXContainerItemProxy */ = {
			isa = PBXContainerItemProxy;
			containerPortal = FDDEE0ED21CD4CC80007D4EB /* Quick.xcodeproj */;
			proxyType = 2;
			remoteGlobalIDString = DA5663E81A4C8D8500193C88;
			remoteInfo = "QuickFocused - macOSTests";
		};
		FD4E54FE21D1272700B5A776 /* PBXContainerItemProxy */ = {
			isa = PBXContainerItemProxy;
			containerPortal = FDDEE0ED21CD4CC80007D4EB /* Quick.xcodeproj */;
			proxyType = 2;
			remoteGlobalIDString = 64076CF51D6D7C2000E2B499;
			remoteInfo = "QuickAfterSuite - macOSTests";
		};
		FD4E550021D1272700B5A776 /* PBXContainerItemProxy */ = {
			isa = PBXContainerItemProxy;
			containerPortal = FDDEE0ED21CD4CC80007D4EB /* Quick.xcodeproj */;
			proxyType = 2;
			remoteGlobalIDString = 5A5D117C19473F2100F6D13D;
			remoteInfo = "Quick-iOS";
		};
		FD4E550221D1272700B5A776 /* PBXContainerItemProxy */ = {
			isa = PBXContainerItemProxy;
			containerPortal = FDDEE0ED21CD4CC80007D4EB /* Quick.xcodeproj */;
			proxyType = 2;
			remoteGlobalIDString = 5A5D118619473F2100F6D13D;
			remoteInfo = "Quick - iOSTests";
		};
		FD4E550421D1272700B5A776 /* PBXContainerItemProxy */ = {
			isa = PBXContainerItemProxy;
			containerPortal = FDDEE0ED21CD4CC80007D4EB /* Quick.xcodeproj */;
			proxyType = 2;
			remoteGlobalIDString = DA9876B21A4C70EB0004AA17;
			remoteInfo = "QuickFocused - iOSTests";
		};
		FD4E550621D1272700B5A776 /* PBXContainerItemProxy */ = {
			isa = PBXContainerItemProxy;
			containerPortal = FDDEE0ED21CD4CC80007D4EB /* Quick.xcodeproj */;
			proxyType = 2;
			remoteGlobalIDString = 64076D081D6D7CD600E2B499;
			remoteInfo = "QuickAfterSuite - iOSTests";
		};
		FD4E550821D1272700B5A776 /* PBXContainerItemProxy */ = {
			isa = PBXContainerItemProxy;
			containerPortal = FDDEE0ED21CD4CC80007D4EB /* Quick.xcodeproj */;
			proxyType = 2;
			remoteGlobalIDString = 1F118CD51BDCA4AB005013A2;
			remoteInfo = "Quick-tvOS";
		};
		FD4E550A21D1272700B5A776 /* PBXContainerItemProxy */ = {
			isa = PBXContainerItemProxy;
			containerPortal = FDDEE0ED21CD4CC80007D4EB /* Quick.xcodeproj */;
			proxyType = 2;
			remoteGlobalIDString = 1F118CDE1BDCA4AB005013A2;
			remoteInfo = "Quick - tvOSTests";
		};
		FD4E550C21D1272700B5A776 /* PBXContainerItemProxy */ = {
			isa = PBXContainerItemProxy;
			containerPortal = FDDEE0ED21CD4CC80007D4EB /* Quick.xcodeproj */;
			proxyType = 2;
			remoteGlobalIDString = 1F118CF01BDCA4BB005013A2;
			remoteInfo = "QuickFocused - tvOSTests";
		};
		FD4E550E21D1272700B5A776 /* PBXContainerItemProxy */ = {
			isa = PBXContainerItemProxy;
			containerPortal = FDDEE0ED21CD4CC80007D4EB /* Quick.xcodeproj */;
			proxyType = 2;
			remoteGlobalIDString = 64076D1A1D6D7CEA00E2B499;
			remoteInfo = "QuickAfterSuite - tvOSTests";
		};
		FDB7A90421CD617B0045DDA8 /* PBXContainerItemProxy */ = {
			isa = PBXContainerItemProxy;
			containerPortal = FDDEDFC921CD4B6F0007D4EB /* 🛣.xcodeproj */;
			proxyType = 2;
			remoteGlobalIDString = FDB7A8B921CD5EA10045DDA8;
			remoteInfo = TestKit;
		};
		FDB7A9B721CD6BA40045DDA8 /* PBXContainerItemProxy */ = {
			isa = PBXContainerItemProxy;
			containerPortal = FDDEDFC921CD4B6F0007D4EB /* 🛣.xcodeproj */;
			proxyType = 2;
			remoteGlobalIDString = FDB7A98321CD6B5D0045DDA8;
			remoteInfo = ArgumentsMock;
		};
		FDDEE04E21CD4BC40007D4EB /* PBXContainerItemProxy */ = {
			isa = PBXContainerItemProxy;
			containerPortal = FDDEDFC921CD4B6F0007D4EB /* 🛣.xcodeproj */;
			proxyType = 2;
			remoteGlobalIDString = "highway::Arguments::Product";
			remoteInfo = Arguments;
		};
		FDDEE05021CD4BC40007D4EB /* PBXContainerItemProxy */ = {
			isa = PBXContainerItemProxy;
			containerPortal = FDDEDFC921CD4B6F0007D4EB /* 🛣.xcodeproj */;
			proxyType = 2;
			remoteGlobalIDString = FD1126CC21C77F050072607D;
			remoteInfo = SignPost;
		};
		FDDEE05221CD4BC40007D4EB /* PBXContainerItemProxy */ = {
			isa = PBXContainerItemProxy;
			containerPortal = FDDEDFC921CD4B6F0007D4EB /* 🛣.xcodeproj */;
			proxyType = 2;
			remoteGlobalIDString = "highway::Terminal::Product";
			remoteInfo = Terminal;
		};
		FDDEE05421CD4BC40007D4EB /* PBXContainerItemProxy */ = {
			isa = PBXContainerItemProxy;
			containerPortal = FDDEDFC921CD4B6F0007D4EB /* 🛣.xcodeproj */;
			proxyType = 2;
			remoteGlobalIDString = "highway::Task::Product";
			remoteInfo = Task;
		};
		FDDEE05621CD4BC40007D4EB /* PBXContainerItemProxy */ = {
			isa = PBXContainerItemProxy;
			containerPortal = FDDEDFC921CD4B6F0007D4EB /* 🛣.xcodeproj */;
			proxyType = 2;
			remoteGlobalIDString = "highway::SourceryAutoProtocols::Product";
			remoteInfo = SourceryAutoProtocols;
		};
		FDDEE05821CD4BC40007D4EB /* PBXContainerItemProxy */ = {
			isa = PBXContainerItemProxy;
			containerPortal = FDDEDFC921CD4B6F0007D4EB /* 🛣.xcodeproj */;
			proxyType = 2;
			remoteGlobalIDString = FDC156DB21C5347C00E04B44;
			remoteInfo = SourceryWorker;
		};
		FDDEE05A21CD4BC40007D4EB /* PBXContainerItemProxy */ = {
			isa = PBXContainerItemProxy;
			containerPortal = FDDEDFC921CD4B6F0007D4EB /* 🛣.xcodeproj */;
			proxyType = 2;
			remoteGlobalIDString = "highway::POSIX::Product";
			remoteInfo = POSIX;
		};
		FDDEE05C21CD4BC40007D4EB /* PBXContainerItemProxy */ = {
			isa = PBXContainerItemProxy;
			containerPortal = FDDEDFC921CD4B6F0007D4EB /* 🛣.xcodeproj */;
			proxyType = 2;
			remoteGlobalIDString = "highway::Errors::Product";
			remoteInfo = Errors;
		};
		FDDEE05E21CD4BC40007D4EB /* PBXContainerItemProxy */ = {
			isa = PBXContainerItemProxy;
			containerPortal = FDDEDFC921CD4B6F0007D4EB /* 🛣.xcodeproj */;
			proxyType = 2;
			remoteGlobalIDString = "highway::XCBuild::Product";
			remoteInfo = XCBuild;
		};
		FDDEE06021CD4BC40007D4EB /* PBXContainerItemProxy */ = {
			isa = PBXContainerItemProxy;
			containerPortal = FDDEDFC921CD4B6F0007D4EB /* 🛣.xcodeproj */;
			proxyType = 2;
			remoteGlobalIDString = "highway::Url::Product";
			remoteInfo = Url;
		};
		FDDEE06221CD4BC40007D4EB /* PBXContainerItemProxy */ = {
			isa = PBXContainerItemProxy;
			containerPortal = FDDEDFC921CD4B6F0007D4EB /* 🛣.xcodeproj */;
			proxyType = 2;
			remoteGlobalIDString = "highway::Deliver::Product";
			remoteInfo = Deliver;
		};
		FDDEE06421CD4BC40007D4EB /* PBXContainerItemProxy */ = {
			isa = PBXContainerItemProxy;
			containerPortal = FDDEDFC921CD4B6F0007D4EB /* 🛣.xcodeproj */;
			proxyType = 2;
			remoteGlobalIDString = "highway::Keychain::Product";
			remoteInfo = Keychain;
		};
		FDDEE06621CD4BC40007D4EB /* PBXContainerItemProxy */ = {
			isa = PBXContainerItemProxy;
			containerPortal = FDDEDFC921CD4B6F0007D4EB /* 🛣.xcodeproj */;
			proxyType = 2;
			remoteGlobalIDString = "highway::Result::Product";
			remoteInfo = Result;
		};
		FDDEE06A21CD4BC40007D4EB /* PBXContainerItemProxy */ = {
			isa = PBXContainerItemProxy;
			containerPortal = FDDEDFC921CD4B6F0007D4EB /* 🛣.xcodeproj */;
			proxyType = 2;
			remoteGlobalIDString = "highway::Git::Product";
			remoteInfo = Git;
		};
		FDDEE06C21CD4BC40007D4EB /* PBXContainerItemProxy */ = {
			isa = PBXContainerItemProxy;
			containerPortal = FDDEDFC921CD4B6F0007D4EB /* 🛣.xcodeproj */;
			proxyType = 2;
			remoteGlobalIDString = FDE9B6F721C58ED400D1F50A;
			remoteInfo = "SourceryAutoProtocols-iOS";
		};
		FDDEE07021CD4BC40007D4EB /* PBXContainerItemProxy */ = {
			isa = PBXContainerItemProxy;
			containerPortal = FDDEDFC921CD4B6F0007D4EB /* 🛣.xcodeproj */;
			proxyType = 2;
			remoteGlobalIDString = "highway::ArgumentsTests::Product";
			remoteInfo = ArgumentsTests;
		};
		FDDEE07221CD4BC40007D4EB /* PBXContainerItemProxy */ = {
			isa = PBXContainerItemProxy;
			containerPortal = FDDEDFC921CD4B6F0007D4EB /* 🛣.xcodeproj */;
			proxyType = 2;
			remoteGlobalIDString = "highway::DeliverTests::Product";
			remoteInfo = DeliverTests;
		};
		FDDEE07421CD4BC40007D4EB /* PBXContainerItemProxy */ = {
			isa = PBXContainerItemProxy;
			containerPortal = FDDEDFC921CD4B6F0007D4EB /* 🛣.xcodeproj */;
			proxyType = 2;
			remoteGlobalIDString = "highway::GitTests::Product";
			remoteInfo = GitTests;
		};
		FDDEE07621CD4BC40007D4EB /* PBXContainerItemProxy */ = {
			isa = PBXContainerItemProxy;
			containerPortal = FDDEDFC921CD4B6F0007D4EB /* 🛣.xcodeproj */;
			proxyType = 2;
			remoteGlobalIDString = "highway::POSIXTests::Product";
			remoteInfo = POSIXTests;
		};
		FDDEE07821CD4BC40007D4EB /* PBXContainerItemProxy */ = {
			isa = PBXContainerItemProxy;
			containerPortal = FDDEDFC921CD4B6F0007D4EB /* 🛣.xcodeproj */;
			proxyType = 2;
			remoteGlobalIDString = "highway::ResultTests::Product";
			remoteInfo = ResultTests;
		};
		FDDEE07A21CD4BC40007D4EB /* PBXContainerItemProxy */ = {
			isa = PBXContainerItemProxy;
			containerPortal = FDDEDFC921CD4B6F0007D4EB /* 🛣.xcodeproj */;
			proxyType = 2;
			remoteGlobalIDString = "highway::TaskTests::Product";
			remoteInfo = TaskTests;
		};
		FDDEE07C21CD4BC40007D4EB /* PBXContainerItemProxy */ = {
			isa = PBXContainerItemProxy;
			containerPortal = FDDEDFC921CD4B6F0007D4EB /* 🛣.xcodeproj */;
			proxyType = 2;
			remoteGlobalIDString = "highway::TerminalTests::Product";
			remoteInfo = TerminalTests;
		};
		FDDEE07E21CD4BC40007D4EB /* PBXContainerItemProxy */ = {
			isa = PBXContainerItemProxy;
			containerPortal = FDDEDFC921CD4B6F0007D4EB /* 🛣.xcodeproj */;
			proxyType = 2;
			remoteGlobalIDString = "highway::UrlTests::Product";
			remoteInfo = UrlTests;
		};
		FDDEE08021CD4BC40007D4EB /* PBXContainerItemProxy */ = {
			isa = PBXContainerItemProxy;
			containerPortal = FDDEDFC921CD4B6F0007D4EB /* 🛣.xcodeproj */;
			proxyType = 2;
			remoteGlobalIDString = "highway::XCBuildTests::Product";
			remoteInfo = XCBuildTests;
		};
		FDDEE08221CD4BC40007D4EB /* PBXContainerItemProxy */ = {
			isa = PBXContainerItemProxy;
			containerPortal = FDDEDFC921CD4B6F0007D4EB /* 🛣.xcodeproj */;
			proxyType = 2;
			remoteGlobalIDString = FDC156E321C5347D00E04B44;
			remoteInfo = SourceryWorkerTests;
		};
		FDDEE08421CD4BC40007D4EB /* PBXContainerItemProxy */ = {
			isa = PBXContainerItemProxy;
			containerPortal = FDDEDFC921CD4B6F0007D4EB /* 🛣.xcodeproj */;
			proxyType = 2;
			remoteGlobalIDString = FD1126D421C77F050072607D;
			remoteInfo = SignPostTests;
		};
		FDDEE11921CD4D230007D4EB /* PBXContainerItemProxy */ = {
			isa = PBXContainerItemProxy;
			containerPortal = FDDEDFB021CD4B490007D4EB /* Project object */;
			proxyType = 1;
			remoteGlobalIDString = FDDEE10621CD4D220007D4EB;
			remoteInfo = AutomateHighway;
		};
		FDDEE13021CD4E6D0007D4EB /* PBXContainerItemProxy */ = {
			isa = PBXContainerItemProxy;
			containerPortal = FDDEDFC921CD4B6F0007D4EB /* 🛣.xcodeproj */;
			proxyType = 1;
			remoteGlobalIDString = "highway::Arguments";
			remoteInfo = Arguments;
		};
		FDDEE13421CD4E6D0007D4EB /* PBXContainerItemProxy */ = {
			isa = PBXContainerItemProxy;
			containerPortal = FDDEDFC921CD4B6F0007D4EB /* 🛣.xcodeproj */;
			proxyType = 1;
			remoteGlobalIDString = "highway::Keychain";
			remoteInfo = Keychain;
		};
		FDDEE13821CD4E6D0007D4EB /* PBXContainerItemProxy */ = {
			isa = PBXContainerItemProxy;
			containerPortal = FDDEDFC921CD4B6F0007D4EB /* 🛣.xcodeproj */;
			proxyType = 1;
			remoteGlobalIDString = "highway::Terminal";
			remoteInfo = Terminal;
		};
		FDDEE13C21CD4E6D0007D4EB /* PBXContainerItemProxy */ = {
			isa = PBXContainerItemProxy;
			containerPortal = FDDEDFC921CD4B6F0007D4EB /* 🛣.xcodeproj */;
			proxyType = 1;
			remoteGlobalIDString = "highway::POSIX";
			remoteInfo = POSIX;
		};
		FDDEE14021CD4E6D0007D4EB /* PBXContainerItemProxy */ = {
			isa = PBXContainerItemProxy;
			containerPortal = FDDEDFC921CD4B6F0007D4EB /* 🛣.xcodeproj */;
			proxyType = 1;
			remoteGlobalIDString = "highway::XCBuild";
			remoteInfo = XCBuild;
		};
		FDDEE14421CD4E6D0007D4EB /* PBXContainerItemProxy */ = {
			isa = PBXContainerItemProxy;
			containerPortal = FDDEDFC921CD4B6F0007D4EB /* 🛣.xcodeproj */;
			proxyType = 1;
			remoteGlobalIDString = "highway::Result";
			remoteInfo = Result;
		};
		FDDEE14821CD4E6D0007D4EB /* PBXContainerItemProxy */ = {
			isa = PBXContainerItemProxy;
			containerPortal = FDDEDFC921CD4B6F0007D4EB /* 🛣.xcodeproj */;
			proxyType = 1;
			remoteGlobalIDString = "highway::Errors";
			remoteInfo = Errors;
		};
		FDDEE14C21CD4E6D0007D4EB /* PBXContainerItemProxy */ = {
			isa = PBXContainerItemProxy;
			containerPortal = FDDEDFC921CD4B6F0007D4EB /* 🛣.xcodeproj */;
			proxyType = 1;
			remoteGlobalIDString = "highway::SourceryAutoProtocols";
			remoteInfo = SourceryAutoProtocols;
		};
		FDDEE15021CD4E6D0007D4EB /* PBXContainerItemProxy */ = {
			isa = PBXContainerItemProxy;
			containerPortal = FDDEDFC921CD4B6F0007D4EB /* 🛣.xcodeproj */;
			proxyType = 1;
			remoteGlobalIDString = "highway::Git";
			remoteInfo = Git;
		};
		FDDEE15421CD4E6D0007D4EB /* PBXContainerItemProxy */ = {
			isa = PBXContainerItemProxy;
			containerPortal = FDDEDFC921CD4B6F0007D4EB /* 🛣.xcodeproj */;
			proxyType = 1;
			remoteGlobalIDString = "highway::Deliver";
			remoteInfo = Deliver;
		};
		FDDEE15821CD4E6D0007D4EB /* PBXContainerItemProxy */ = {
			isa = PBXContainerItemProxy;
			containerPortal = FDDEDFC921CD4B6F0007D4EB /* 🛣.xcodeproj */;
			proxyType = 1;
			remoteGlobalIDString = "highway::Task";
			remoteInfo = Task;
		};
		FDDEE15C21CD4E6D0007D4EB /* PBXContainerItemProxy */ = {
			isa = PBXContainerItemProxy;
			containerPortal = FDDEDFC921CD4B6F0007D4EB /* 🛣.xcodeproj */;
			proxyType = 1;
			remoteGlobalIDString = "highway::Url";
			remoteInfo = Url;
		};
		FDDEE16021CD4E6D0007D4EB /* PBXContainerItemProxy */ = {
			isa = PBXContainerItemProxy;
			containerPortal = FDDEDFC921CD4B6F0007D4EB /* 🛣.xcodeproj */;
			proxyType = 1;
			remoteGlobalIDString = FDC156DA21C5347C00E04B44;
			remoteInfo = SourceryWorker;
		};
		FDDEE16821CD4E6D0007D4EB /* PBXContainerItemProxy */ = {
			isa = PBXContainerItemProxy;
			containerPortal = FDDEDFC921CD4B6F0007D4EB /* 🛣.xcodeproj */;
			proxyType = 1;
			remoteGlobalIDString = FD1126CB21C77F050072607D;
			remoteInfo = SignPost;
		};
/* End PBXContainerItemProxy section */

/* Begin PBXCopyFilesBuildPhase section */
		FDDEE12D21CD4E1D0007D4EB /* Embed Frameworks */ = {
			isa = PBXCopyFilesBuildPhase;
			buildActionMask = 2147483647;
			dstPath = "";
			dstSubfolderSpec = 10;
			files = (
				FDDEE13F21CD4E6D0007D4EB /* XCBuild.framework in Embed Frameworks */,
				FDDEE14721CD4E6D0007D4EB /* Errors.framework in Embed Frameworks */,
				FD27B87C21D69345008F829A /* CryptoSwift.framework in Embed Frameworks */,
				FDDEE15321CD4E6D0007D4EB /* Deliver.framework in Embed Frameworks */,
				FDDEE14321CD4E6D0007D4EB /* Result.framework in Embed Frameworks */,
				FDDEE13B21CD4E6D0007D4EB /* POSIX.framework in Embed Frameworks */,
				FDDEE16721CD4E6D0007D4EB /* SignPost.framework in Embed Frameworks */,
				FDDEE15721CD4E6D0007D4EB /* Task.framework in Embed Frameworks */,
				FDDEE13321CD4E6D0007D4EB /* Keychain.framework in Embed Frameworks */,
				FDDEE14B21CD4E6D0007D4EB /* SourceryAutoProtocols.framework in Embed Frameworks */,
				FD0553F521D1370D00E9B0D0 /* ZFile.framework in Embed Frameworks */,
				FDDEE15B21CD4E6D0007D4EB /* Url.framework in Embed Frameworks */,
				FDDEE15F21CD4E6D0007D4EB /* SourceryWorker.framework in Embed Frameworks */,
				FDDEE14F21CD4E6D0007D4EB /* Git.framework in Embed Frameworks */,
				FDDEE13721CD4E6D0007D4EB /* Terminal.framework in Embed Frameworks */,
				FD27B87721D69317008F829A /* JWT.framework in Embed Frameworks */,
				FDDEE12F21CD4E6D0007D4EB /* Arguments.framework in Embed Frameworks */,
			);
			name = "Embed Frameworks";
			runOnlyForDeploymentPostprocessing = 0;
		};
/* End PBXCopyFilesBuildPhase section */

/* Begin PBXFileReference section */
		FD0553B421D1347600E9B0D0 /* CHANGELOG.md */ = {isa = PBXFileReference; lastKnownFileType = net.daringfireball.markdown; name = CHANGELOG.md; path = ../../CHANGELOG.md; sourceTree = "<group>"; };
		FD0553E621D1347700E9B0D0 /* README.md */ = {isa = PBXFileReference; lastKnownFileType = net.daringfireball.markdown; name = README.md; path = ../../README.md; sourceTree = "<group>"; };
		FD27B83621D69306008F829A /* JWT.xcodeproj */ = {isa = PBXFileReference; lastKnownFileType = "wrapper.pb-project"; name = JWT.xcodeproj; path = ../Carthage/Checkouts/JSONWebToken.swift/JWT.xcodeproj; sourceTree = "<group>"; };
		FD27B87A21D69345008F829A /* CryptoSwift.framework */ = {isa = PBXFileReference; explicitFileType = wrapper.framework; path = CryptoSwift.framework; sourceTree = BUILT_PRODUCTS_DIR; };
		FDB7A8A621CD51870045DDA8 /* AutomateTests.swift */ = {isa = PBXFileReference; fileEncoding = 4; lastKnownFileType = sourcecode.swift; path = AutomateTests.swift; sourceTree = "<group>"; };
		FDB7A8A721CD51870045DDA8 /* Info.plist */ = {isa = PBXFileReference; fileEncoding = 4; lastKnownFileType = text.plist.xml; path = Info.plist; sourceTree = "<group>"; };
		FDDEDFC921CD4B6F0007D4EB /* 🛣.xcodeproj */ = {isa = PBXFileReference; lastKnownFileType = "wrapper.pb-project"; path = "🛣.xcodeproj"; sourceTree = "<group>"; };
		FDDEE02421CD4B820007D4EB /* AutomateHighwayViewController.swift */ = {isa = PBXFileReference; lastKnownFileType = sourcecode.swift; path = AutomateHighwayViewController.swift; sourceTree = "<group>"; };
		FDDEE02521CD4B820007D4EB /* AutomateSourceryWorker.swift */ = {isa = PBXFileReference; lastKnownFileType = sourcecode.swift; path = AutomateSourceryWorker.swift; sourceTree = "<group>"; };
		FDDEE02621CD4B820007D4EB /* Assets.xcassets */ = {isa = PBXFileReference; lastKnownFileType = folder.assetcatalog; path = Assets.xcassets; sourceTree = "<group>"; };
		FDDEE02821CD4B820007D4EB /* Base */ = {isa = PBXFileReference; lastKnownFileType = file.storyboard; name = Base; path = Base.lproj/Main.storyboard; sourceTree = "<group>"; };
		FDDEE02921CD4B820007D4EB /* AppDelegate.swift */ = {isa = PBXFileReference; lastKnownFileType = sourcecode.swift; path = AppDelegate.swift; sourceTree = "<group>"; };
		FDDEE02A21CD4B820007D4EB /* AutomateHighway.entitlements */ = {isa = PBXFileReference; lastKnownFileType = text.plist.entitlements; path = AutomateHighway.entitlements; sourceTree = "<group>"; };
		FDDEE02B21CD4B820007D4EB /* Info.plist */ = {isa = PBXFileReference; lastKnownFileType = text.plist.xml; path = Info.plist; sourceTree = "<group>"; };
		FDDEE08721CD4C010007D4EB /* ZFile.xcodeproj */ = {isa = PBXFileReference; lastKnownFileType = "wrapper.pb-project"; name = ZFile.xcodeproj; path = ../Carthage/Checkouts/zfile/sources/ZFile/ZFile.xcodeproj; sourceTree = "<group>"; };
		FDDEE0B221CD4C1B0007D4EB /* template-sourcery */ = {isa = PBXFileReference; lastKnownFileType = folder; name = "template-sourcery"; path = "../Carthage/Checkouts/template-sourcery"; sourceTree = "<group>"; };
		FDDEE0B321CD4C230007D4EB /* Sourcery.xcodeproj */ = {isa = PBXFileReference; lastKnownFileType = "wrapper.pb-project"; name = Sourcery.xcodeproj; path = ../Carthage/Checkouts/Sourcery/Sourcery.xcodeproj; sourceTree = "<group>"; };
		FDDEE0C521CD4CBF0007D4EB /* Nimble.xcodeproj */ = {isa = PBXFileReference; lastKnownFileType = "wrapper.pb-project"; name = Nimble.xcodeproj; path = ../Carthage/Checkouts/Nimble/Nimble.xcodeproj; sourceTree = "<group>"; };
		FDDEE0ED21CD4CC80007D4EB /* Quick.xcodeproj */ = {isa = PBXFileReference; lastKnownFileType = "wrapper.pb-project"; name = Quick.xcodeproj; path = ../Carthage/Checkouts/Quick/Quick.xcodeproj; sourceTree = "<group>"; };
		FDDEE10721CD4D220007D4EB /* AutomateHighway.app */ = {isa = PBXFileReference; explicitFileType = wrapper.application; includeInIndex = 0; path = AutomateHighway.app; sourceTree = BUILT_PRODUCTS_DIR; };
		FDDEE11821CD4D230007D4EB /* AutomateHighwayTests.xctest */ = {isa = PBXFileReference; explicitFileType = wrapper.cfbundle; includeInIndex = 0; path = AutomateHighwayTests.xctest; sourceTree = BUILT_PRODUCTS_DIR; };
		FDF72D8121D6825A006009D3 /* Cartfile */ = {isa = PBXFileReference; fileEncoding = 4; lastKnownFileType = text; name = Cartfile; path = ../Cartfile; sourceTree = "<group>"; };
		FDF72D9B21D683F1006009D3 /* highway.playground */ = {isa = PBXFileReference; lastKnownFileType = file.playground; path = highway.playground; sourceTree = "<group>"; xcLanguageSpecificationIdentifier = xcode.lang.swift; };
/* End PBXFileReference section */

/* Begin PBXFrameworksBuildPhase section */
		FDDEE10421CD4D220007D4EB /* Frameworks */ = {
			isa = PBXFrameworksBuildPhase;
			buildActionMask = 2147483647;
			files = (
				FDDEE13E21CD4E6D0007D4EB /* XCBuild.framework in Frameworks */,
				FDDEE14621CD4E6D0007D4EB /* Errors.framework in Frameworks */,
				FD27B87B21D69345008F829A /* CryptoSwift.framework in Frameworks */,
				FDDEE15221CD4E6D0007D4EB /* Deliver.framework in Frameworks */,
				FDDEE14221CD4E6D0007D4EB /* Result.framework in Frameworks */,
				FDDEE13A21CD4E6D0007D4EB /* POSIX.framework in Frameworks */,
				FDDEE16621CD4E6D0007D4EB /* SignPost.framework in Frameworks */,
				FDDEE15621CD4E6D0007D4EB /* Task.framework in Frameworks */,
				FDDEE13221CD4E6D0007D4EB /* Keychain.framework in Frameworks */,
				FDDEE14A21CD4E6D0007D4EB /* SourceryAutoProtocols.framework in Frameworks */,
				FD0553F421D1370D00E9B0D0 /* ZFile.framework in Frameworks */,
				FDDEE15A21CD4E6D0007D4EB /* Url.framework in Frameworks */,
				FDDEE15E21CD4E6D0007D4EB /* SourceryWorker.framework in Frameworks */,
				FDDEE14E21CD4E6D0007D4EB /* Git.framework in Frameworks */,
				FDDEE13621CD4E6D0007D4EB /* Terminal.framework in Frameworks */,
				FD27B87621D69317008F829A /* JWT.framework in Frameworks */,
				FDDEE12E21CD4E6D0007D4EB /* Arguments.framework in Frameworks */,
			);
			runOnlyForDeploymentPostprocessing = 0;
		};
		FDDEE11521CD4D230007D4EB /* Frameworks */ = {
			isa = PBXFrameworksBuildPhase;
			buildActionMask = 2147483647;
			files = (
				FD05540321D137A900E9B0D0 /* Nimble.framework in Frameworks */,
				FD05540221D137A300E9B0D0 /* Quick.framework in Frameworks */,
				FD0553FA21D1373C00E9B0D0 /* ZFile.framework in Frameworks */,
				FD0553FB21D1375F00E9B0D0 /* ZFileMock.framework in Frameworks */,
			);
			runOnlyForDeploymentPostprocessing = 0;
		};
/* End PBXFrameworksBuildPhase section */

/* Begin PBXGroup section */
		FD05539021D1282C00E9B0D0 /* Products */ = {
			isa = PBXGroup;
			children = (
				FD05539921D1282C00E9B0D0 /* ZFile.framework */,
				FD05539B21D1282C00E9B0D0 /* ZFileMock.framework */,
				FD05539D21D1282C00E9B0D0 /* ZFile.framework */,
				FD05539F21D1282C00E9B0D0 /* ZFileMock.framework */,
				FD0553A121D1282C00E9B0D0 /* FoundationGenericHelper.framework */,
				FD0553A321D1282C00E9B0D0 /* FoundationGenericHelper.framework */,
			);
			name = Products;
			sourceTree = "<group>";
		};
		FD05542F21D13F2300E9B0D0 /* Tests */ = {
			isa = PBXGroup;
			children = (
				FDB7A8A521CD51870045DDA8 /* AutomateHighwayTests */,
			);
			path = Tests;
			sourceTree = "<group>";
		};
		FD27B83721D69306008F829A /* Products */ = {
			isa = PBXGroup;
			children = (
				FD27B84021D69307008F829A /* JWT.framework */,
				FD27B84221D69307008F829A /* JWT.framework */,
				FD27B84421D69307008F829A /* JWT.framework */,
				FD27B84621D69307008F829A /* JWT.framework */,
				FD27B84821D69307008F829A /* JWTTests.xctest */,
			);
			name = Products;
			sourceTree = "<group>";
		};
		FD4E54C321D1270800B5A776 /* Products */ = {
			isa = PBXGroup;
			children = (
				FD4E54CB21D1270800B5A776 /* Sourcery.app */,
				FD4E54CD21D1270800B5A776 /* SourceryTests.xctest */,
				FD4E54CF21D1270800B5A776 /* SourceryRuntime.framework */,
				FD4E54D121D1270800B5A776 /* SourceryJS.framework */,
				FD4E54D321D1270800B5A776 /* SourcerySwift.framework */,
			);
			name = Products;
			sourceTree = "<group>";
		};
		FD4E54D421D1271900B5A776 /* Products */ = {
			isa = PBXGroup;
			children = (
				FD4E54DE21D1271900B5A776 /* Nimble.framework */,
				FD4E54E021D1271900B5A776 /* NimbleTests.xctest */,
				FD4E54E221D1271900B5A776 /* Nimble.framework */,
				FD4E54E421D1271900B5A776 /* NimbleTests.xctest */,
				FD4E54E621D1271900B5A776 /* Nimble.framework */,
				FD4E54E821D1271900B5A776 /* NimbleTests.xctest */,
			);
			name = Products;
			sourceTree = "<group>";
		};
		FD4E54E921D1272700B5A776 /* Products */ = {
			isa = PBXGroup;
			children = (
				FD4E54F921D1272700B5A776 /* Quick.framework */,
				FD4E54FB21D1272700B5A776 /* Quick - macOSTests.xctest */,
				FD4E54FD21D1272700B5A776 /* QuickFocused - macOSTests.xctest */,
				FD4E54FF21D1272700B5A776 /* QuickAfterSuite - macOSTests.xctest */,
				FD4E550121D1272700B5A776 /* Quick.framework */,
				FD4E550321D1272700B5A776 /* Quick - iOSTests.xctest */,
				FD4E550521D1272700B5A776 /* QuickFocused - iOSTests.xctest */,
				FD4E550721D1272700B5A776 /* QuickAfterSuite - iOSTests.xctest */,
				FD4E550921D1272700B5A776 /* Quick.framework */,
				FD4E550B21D1272700B5A776 /* Quick - tvOSTests.xctest */,
				FD4E550D21D1272700B5A776 /* QuickFocused - tvOSTests.xctest */,
				FD4E550F21D1272700B5A776 /* QuickAfterSuite - tvOSTests.xctest */,
			);
			name = Products;
			sourceTree = "<group>";
		};
		FDB7A8A221CD515B0045DDA8 /* Frameworks */ = {
			isa = PBXGroup;
			children = (
			);
			name = Frameworks;
			sourceTree = "<group>";
		};
		FDB7A8A521CD51870045DDA8 /* AutomateHighwayTests */ = {
			isa = PBXGroup;
			children = (
				FDB7A8A621CD51870045DDA8 /* AutomateTests.swift */,
				FDB7A8A721CD51870045DDA8 /* Info.plist */,
			);
			path = AutomateHighwayTests;
			sourceTree = "<group>";
		};
		FDDEDFAF21CD4B490007D4EB = {
			isa = PBXGroup;
			children = (
				FD27B87A21D69345008F829A /* CryptoSwift.framework */,
				FD27B83621D69306008F829A /* JWT.xcodeproj */,
				FDF72D8121D6825A006009D3 /* Cartfile */,
				FD0553E621D1347700E9B0D0 /* README.md */,
				FD0553B421D1347600E9B0D0 /* CHANGELOG.md */,
				FD05542F21D13F2300E9B0D0 /* Tests */,
				FDF72D9921D683D9006009D3 /* Sources */,
				FDDEDFB921CD4B490007D4EB /* Products */,
				FDDEE0ED21CD4CC80007D4EB /* Quick.xcodeproj */,
				FDDEE0C521CD4CBF0007D4EB /* Nimble.xcodeproj */,
				FDDEE0B321CD4C230007D4EB /* Sourcery.xcodeproj */,
				FDDEE0B221CD4C1B0007D4EB /* template-sourcery */,
				FDDEE08721CD4C010007D4EB /* ZFile.xcodeproj */,
				FDDEDFC921CD4B6F0007D4EB /* 🛣.xcodeproj */,
				FDB7A8A221CD515B0045DDA8 /* Frameworks */,
			);
			sourceTree = "<group>";
		};
		FDDEDFB921CD4B490007D4EB /* Products */ = {
			isa = PBXGroup;
			children = (
				FDDEE10721CD4D220007D4EB /* AutomateHighway.app */,
				FDDEE11821CD4D230007D4EB /* AutomateHighwayTests.xctest */,
			);
			name = Products;
			sourceTree = "<group>";
		};
		FDDEE02321CD4B820007D4EB /* AutomateHighway */ = {
			isa = PBXGroup;
			children = (
				FDDEE02421CD4B820007D4EB /* AutomateHighwayViewController.swift */,
				FDDEE02521CD4B820007D4EB /* AutomateSourceryWorker.swift */,
				FDDEE02621CD4B820007D4EB /* Assets.xcassets */,
				FDDEE02721CD4B820007D4EB /* Main.storyboard */,
				FDDEE02921CD4B820007D4EB /* AppDelegate.swift */,
				FDDEE02A21CD4B820007D4EB /* AutomateHighway.entitlements */,
				FDDEE02B21CD4B820007D4EB /* Info.plist */,
			);
			name = AutomateHighway;
			path = Sources/AutomateHighway;
			sourceTree = "<group>";
		};
		FDDEE02D21CD4BC40007D4EB /* Products */ = {
			isa = PBXGroup;
			children = (
				FDDEE04F21CD4BC40007D4EB /* Arguments.framework */,
				FDB7A9B821CD6BA40045DDA8 /* ArgumentsMock.framework */,
				FDDEE05121CD4BC40007D4EB /* SignPost.framework */,
				FD4E54AE21D126E300B5A776 /* SignPostMock.framework */,
				FDDEE05321CD4BC40007D4EB /* Terminal.framework */,
				FD4E54B021D126E300B5A776 /* TerminalMock.framework */,
				FDDEE05521CD4BC40007D4EB /* Task.framework */,
				FD4E54B221D126E300B5A776 /* TaskMock.framework */,
				FDDEE05721CD4BC40007D4EB /* SourceryAutoProtocols.framework */,
				FDDEE06D21CD4BC40007D4EB /* SourceryAutoProtocols.framework */,
				FDDEE05921CD4BC40007D4EB /* SourceryWorker.framework */,
				FD4E54B421D126E300B5A776 /* SourceryWorkerMock.framework */,
				FDDEE05B21CD4BC40007D4EB /* POSIX.framework */,
				FDDEE05D21CD4BC40007D4EB /* Errors.framework */,
				FDDEE05F21CD4BC40007D4EB /* XCBuild.framework */,
				FDDEE06121CD4BC40007D4EB /* Url.framework */,
				FDDEE06321CD4BC40007D4EB /* Deliver.framework */,
				FDDEE06521CD4BC40007D4EB /* Keychain.framework */,
				FDDEE06721CD4BC40007D4EB /* Result.framework */,
				FDB7A90521CD617B0045DDA8 /* TestKit.framework */,
				FDDEE06B21CD4BC40007D4EB /* Git.framework */,
				FDDEE07121CD4BC40007D4EB /* ArgumentsTests.xctest */,
				FDDEE07321CD4BC40007D4EB /* DeliverTests.xctest */,
				FDDEE07521CD4BC40007D4EB /* GitTests.xctest */,
				FDDEE07721CD4BC40007D4EB /* POSIXTests.xctest */,
				FDDEE07921CD4BC40007D4EB /* ResultTests.xctest */,
				FDDEE07B21CD4BC40007D4EB /* TaskTests.xctest */,
				FDDEE07D21CD4BC40007D4EB /* TerminalTests.xctest */,
				FDDEE07F21CD4BC40007D4EB /* UrlTests.xctest */,
				FDDEE08121CD4BC40007D4EB /* XCBuildTests.xctest */,
				FDDEE08321CD4BC40007D4EB /* SourceryWorkerTests.xctest */,
				FDDEE08521CD4BC40007D4EB /* SignPostTests.xctest */,
			);
			name = Products;
			sourceTree = "<group>";
		};
		FDF72D9921D683D9006009D3 /* Sources */ = {
			isa = PBXGroup;
			children = (
				FDF72D9A21D683F1006009D3 /* JWTWorker */,
				FDDEE02321CD4B820007D4EB /* AutomateHighway */,
			);
			name = Sources;
			sourceTree = "<group>";
		};
		FDF72D9A21D683F1006009D3 /* JWTWorker */ = {
			isa = PBXGroup;
			children = (
				FDF72D9B21D683F1006009D3 /* highway.playground */,
			);
			name = JWTWorker;
			path = Sources/JWTWorker;
			sourceTree = "<group>";
		};
/* End PBXGroup section */

/* Begin PBXNativeTarget section */
		FDDEE10621CD4D220007D4EB /* AutomateHighway */ = {
			isa = PBXNativeTarget;
			buildConfigurationList = FDDEE11F21CD4D230007D4EB /* Build configuration list for PBXNativeTarget "AutomateHighway" */;
			buildPhases = (
				FDDEE10321CD4D220007D4EB /* Sources */,
				FDDEE10421CD4D220007D4EB /* Frameworks */,
				FDDEE10521CD4D220007D4EB /* Resources */,
				FDDEE12D21CD4E1D0007D4EB /* Embed Frameworks */,
			);
			buildRules = (
			);
			dependencies = (
				FD0553F121D136F900E9B0D0 /* PBXTargetDependency */,
				FDDEE14D21CD4E6D0007D4EB /* PBXTargetDependency */,
				FDDEE13121CD4E6D0007D4EB /* PBXTargetDependency */,
				FDDEE13521CD4E6D0007D4EB /* PBXTargetDependency */,
				FDDEE13921CD4E6D0007D4EB /* PBXTargetDependency */,
				FDDEE13D21CD4E6D0007D4EB /* PBXTargetDependency */,
				FDDEE14121CD4E6D0007D4EB /* PBXTargetDependency */,
				FDDEE14521CD4E6D0007D4EB /* PBXTargetDependency */,
				FDDEE14921CD4E6D0007D4EB /* PBXTargetDependency */,
				FDDEE15121CD4E6D0007D4EB /* PBXTargetDependency */,
				FDDEE15521CD4E6D0007D4EB /* PBXTargetDependency */,
				FDDEE15921CD4E6D0007D4EB /* PBXTargetDependency */,
				FDDEE15D21CD4E6D0007D4EB /* PBXTargetDependency */,
				FDDEE16121CD4E6D0007D4EB /* PBXTargetDependency */,
				FDDEE16921CD4E6D0007D4EB /* PBXTargetDependency */,
				FD0553F721D1370D00E9B0D0 /* PBXTargetDependency */,
				FD27B87921D69317008F829A /* PBXTargetDependency */,
			);
			name = AutomateHighway;
			productName = AutomateHighway;
			productReference = FDDEE10721CD4D220007D4EB /* AutomateHighway.app */;
			productType = "com.apple.product-type.application";
		};
		FDDEE11721CD4D230007D4EB /* AutomateHighwayTests */ = {
			isa = PBXNativeTarget;
			buildConfigurationList = FDDEE12221CD4D230007D4EB /* Build configuration list for PBXNativeTarget "AutomateHighwayTests" */;
			buildPhases = (
				FDDEE11421CD4D230007D4EB /* Sources */,
				FDDEE11521CD4D230007D4EB /* Frameworks */,
				FDDEE11621CD4D230007D4EB /* Resources */,
			);
			buildRules = (
			);
			dependencies = (
				FD05540121D1379D00E9B0D0 /* PBXTargetDependency */,
				FD0553FF21D1379400E9B0D0 /* PBXTargetDependency */,
				FD0553FD21D1376900E9B0D0 /* PBXTargetDependency */,
				FD0553F921D1373100E9B0D0 /* PBXTargetDependency */,
				FDDEE11A21CD4D230007D4EB /* PBXTargetDependency */,
			);
			name = AutomateHighwayTests;
			productName = AutomateHighwayTests;
			productReference = FDDEE11821CD4D230007D4EB /* AutomateHighwayTests.xctest */;
			productType = "com.apple.product-type.bundle.unit-test";
		};
/* End PBXNativeTarget section */

/* Begin PBXProject section */
		FDDEDFB021CD4B490007D4EB /* Project object */ = {
			isa = PBXProject;
			attributes = {
				LastSwiftUpdateCheck = 1010;
				LastUpgradeCheck = 1010;
				ORGANIZATIONNAME = dooz;
				TargetAttributes = {
					FDDEE10621CD4D220007D4EB = {
						CreatedOnToolsVersion = 10.1;
					};
					FDDEE11721CD4D230007D4EB = {
						CreatedOnToolsVersion = 10.1;
						TestTargetID = FDDEE10621CD4D220007D4EB;
					};
				};
			};
			buildConfigurationList = FDDEDFB321CD4B490007D4EB /* Build configuration list for PBXProject "Automate🛣" */;
			compatibilityVersion = "Xcode 9.3";
			developmentRegion = en;
			hasScannedForEncodings = 0;
			knownRegions = (
				en,
				Base,
			);
			mainGroup = FDDEDFAF21CD4B490007D4EB;
			productRefGroup = FDDEDFB921CD4B490007D4EB /* Products */;
			projectDirPath = "";
			projectReferences = (
				{
					ProductGroup = FD27B83721D69306008F829A /* Products */;
					ProjectRef = FD27B83621D69306008F829A /* JWT.xcodeproj */;
				},
				{
					ProductGroup = FD4E54D421D1271900B5A776 /* Products */;
					ProjectRef = FDDEE0C521CD4CBF0007D4EB /* Nimble.xcodeproj */;
				},
				{
					ProductGroup = FD4E54E921D1272700B5A776 /* Products */;
					ProjectRef = FDDEE0ED21CD4CC80007D4EB /* Quick.xcodeproj */;
				},
				{
					ProductGroup = FD4E54C321D1270800B5A776 /* Products */;
					ProjectRef = FDDEE0B321CD4C230007D4EB /* Sourcery.xcodeproj */;
				},
				{
					ProductGroup = FD05539021D1282C00E9B0D0 /* Products */;
					ProjectRef = FDDEE08721CD4C010007D4EB /* ZFile.xcodeproj */;
				},
				{
					ProductGroup = FDDEE02D21CD4BC40007D4EB /* Products */;
					ProjectRef = FDDEDFC921CD4B6F0007D4EB /* 🛣.xcodeproj */;
				},
			);
			projectRoot = "";
			targets = (
				FDDEE10621CD4D220007D4EB /* AutomateHighway */,
				FDDEE11721CD4D230007D4EB /* AutomateHighwayTests */,
			);
		};
/* End PBXProject section */

/* Begin PBXReferenceProxy section */
		FD05539921D1282C00E9B0D0 /* ZFile.framework */ = {
			isa = PBXReferenceProxy;
			fileType = wrapper.framework;
			path = ZFile.framework;
			remoteRef = FD05539821D1282C00E9B0D0 /* PBXContainerItemProxy */;
			sourceTree = BUILT_PRODUCTS_DIR;
		};
		FD05539B21D1282C00E9B0D0 /* ZFileMock.framework */ = {
			isa = PBXReferenceProxy;
			fileType = wrapper.framework;
			path = ZFileMock.framework;
			remoteRef = FD05539A21D1282C00E9B0D0 /* PBXContainerItemProxy */;
			sourceTree = BUILT_PRODUCTS_DIR;
		};
		FD05539D21D1282C00E9B0D0 /* ZFile.framework */ = {
			isa = PBXReferenceProxy;
			fileType = wrapper.framework;
			path = ZFile.framework;
			remoteRef = FD05539C21D1282C00E9B0D0 /* PBXContainerItemProxy */;
			sourceTree = BUILT_PRODUCTS_DIR;
		};
		FD05539F21D1282C00E9B0D0 /* ZFileMock.framework */ = {
			isa = PBXReferenceProxy;
			fileType = wrapper.framework;
			path = ZFileMock.framework;
			remoteRef = FD05539E21D1282C00E9B0D0 /* PBXContainerItemProxy */;
			sourceTree = BUILT_PRODUCTS_DIR;
		};
		FD0553A121D1282C00E9B0D0 /* FoundationGenericHelper.framework */ = {
			isa = PBXReferenceProxy;
			fileType = wrapper.framework;
			path = FoundationGenericHelper.framework;
			remoteRef = FD0553A021D1282C00E9B0D0 /* PBXContainerItemProxy */;
			sourceTree = BUILT_PRODUCTS_DIR;
		};
		FD0553A321D1282C00E9B0D0 /* FoundationGenericHelper.framework */ = {
			isa = PBXReferenceProxy;
			fileType = wrapper.framework;
			path = FoundationGenericHelper.framework;
			remoteRef = FD0553A221D1282C00E9B0D0 /* PBXContainerItemProxy */;
			sourceTree = BUILT_PRODUCTS_DIR;
		};
		FD27B84021D69307008F829A /* JWT.framework */ = {
			isa = PBXReferenceProxy;
			fileType = wrapper.framework;
			path = JWT.framework;
			remoteRef = FD27B83F21D69307008F829A /* PBXContainerItemProxy */;
			sourceTree = BUILT_PRODUCTS_DIR;
		};
		FD27B84221D69307008F829A /* JWT.framework */ = {
			isa = PBXReferenceProxy;
			fileType = wrapper.framework;
			path = JWT.framework;
			remoteRef = FD27B84121D69307008F829A /* PBXContainerItemProxy */;
			sourceTree = BUILT_PRODUCTS_DIR;
		};
		FD27B84421D69307008F829A /* JWT.framework */ = {
			isa = PBXReferenceProxy;
			fileType = wrapper.framework;
			path = JWT.framework;
			remoteRef = FD27B84321D69307008F829A /* PBXContainerItemProxy */;
			sourceTree = BUILT_PRODUCTS_DIR;
		};
		FD27B84621D69307008F829A /* JWT.framework */ = {
			isa = PBXReferenceProxy;
			fileType = wrapper.framework;
			path = JWT.framework;
			remoteRef = FD27B84521D69307008F829A /* PBXContainerItemProxy */;
			sourceTree = BUILT_PRODUCTS_DIR;
		};
		FD27B84821D69307008F829A /* JWTTests.xctest */ = {
			isa = PBXReferenceProxy;
			fileType = wrapper.cfbundle;
			path = JWTTests.xctest;
			remoteRef = FD27B84721D69307008F829A /* PBXContainerItemProxy */;
			sourceTree = BUILT_PRODUCTS_DIR;
		};
		FD4E54AE21D126E300B5A776 /* SignPostMock.framework */ = {
			isa = PBXReferenceProxy;
			fileType = wrapper.framework;
			path = SignPostMock.framework;
			remoteRef = FD4E54AD21D126E300B5A776 /* PBXContainerItemProxy */;
			sourceTree = BUILT_PRODUCTS_DIR;
		};
		FD4E54B021D126E300B5A776 /* TerminalMock.framework */ = {
			isa = PBXReferenceProxy;
			fileType = wrapper.framework;
			path = TerminalMock.framework;
			remoteRef = FD4E54AF21D126E300B5A776 /* PBXContainerItemProxy */;
			sourceTree = BUILT_PRODUCTS_DIR;
		};
		FD4E54B221D126E300B5A776 /* TaskMock.framework */ = {
			isa = PBXReferenceProxy;
			fileType = wrapper.framework;
			path = TaskMock.framework;
			remoteRef = FD4E54B121D126E300B5A776 /* PBXContainerItemProxy */;
			sourceTree = BUILT_PRODUCTS_DIR;
		};
		FD4E54B421D126E300B5A776 /* SourceryWorkerMock.framework */ = {
			isa = PBXReferenceProxy;
			fileType = wrapper.framework;
			path = SourceryWorkerMock.framework;
			remoteRef = FD4E54B321D126E300B5A776 /* PBXContainerItemProxy */;
			sourceTree = BUILT_PRODUCTS_DIR;
		};
		FD4E54CB21D1270800B5A776 /* Sourcery.app */ = {
			isa = PBXReferenceProxy;
			fileType = wrapper.application;
			path = Sourcery.app;
			remoteRef = FD4E54CA21D1270800B5A776 /* PBXContainerItemProxy */;
			sourceTree = BUILT_PRODUCTS_DIR;
		};
		FD4E54CD21D1270800B5A776 /* SourceryTests.xctest */ = {
			isa = PBXReferenceProxy;
			fileType = wrapper.cfbundle;
			path = SourceryTests.xctest;
			remoteRef = FD4E54CC21D1270800B5A776 /* PBXContainerItemProxy */;
			sourceTree = BUILT_PRODUCTS_DIR;
		};
		FD4E54CF21D1270800B5A776 /* SourceryRuntime.framework */ = {
			isa = PBXReferenceProxy;
			fileType = wrapper.framework;
			path = SourceryRuntime.framework;
			remoteRef = FD4E54CE21D1270800B5A776 /* PBXContainerItemProxy */;
			sourceTree = BUILT_PRODUCTS_DIR;
		};
		FD4E54D121D1270800B5A776 /* SourceryJS.framework */ = {
			isa = PBXReferenceProxy;
			fileType = wrapper.framework;
			path = SourceryJS.framework;
			remoteRef = FD4E54D021D1270800B5A776 /* PBXContainerItemProxy */;
			sourceTree = BUILT_PRODUCTS_DIR;
		};
		FD4E54D321D1270800B5A776 /* SourcerySwift.framework */ = {
			isa = PBXReferenceProxy;
			fileType = wrapper.framework;
			path = SourcerySwift.framework;
			remoteRef = FD4E54D221D1270800B5A776 /* PBXContainerItemProxy */;
			sourceTree = BUILT_PRODUCTS_DIR;
		};
		FD4E54DE21D1271900B5A776 /* Nimble.framework */ = {
			isa = PBXReferenceProxy;
			fileType = wrapper.framework;
			path = Nimble.framework;
			remoteRef = FD4E54DD21D1271900B5A776 /* PBXContainerItemProxy */;
			sourceTree = BUILT_PRODUCTS_DIR;
		};
		FD4E54E021D1271900B5A776 /* NimbleTests.xctest */ = {
			isa = PBXReferenceProxy;
			fileType = wrapper.cfbundle;
			path = NimbleTests.xctest;
			remoteRef = FD4E54DF21D1271900B5A776 /* PBXContainerItemProxy */;
			sourceTree = BUILT_PRODUCTS_DIR;
		};
		FD4E54E221D1271900B5A776 /* Nimble.framework */ = {
			isa = PBXReferenceProxy;
			fileType = wrapper.framework;
			path = Nimble.framework;
			remoteRef = FD4E54E121D1271900B5A776 /* PBXContainerItemProxy */;
			sourceTree = BUILT_PRODUCTS_DIR;
		};
		FD4E54E421D1271900B5A776 /* NimbleTests.xctest */ = {
			isa = PBXReferenceProxy;
			fileType = wrapper.cfbundle;
			path = NimbleTests.xctest;
			remoteRef = FD4E54E321D1271900B5A776 /* PBXContainerItemProxy */;
			sourceTree = BUILT_PRODUCTS_DIR;
		};
		FD4E54E621D1271900B5A776 /* Nimble.framework */ = {
			isa = PBXReferenceProxy;
			fileType = wrapper.framework;
			path = Nimble.framework;
			remoteRef = FD4E54E521D1271900B5A776 /* PBXContainerItemProxy */;
			sourceTree = BUILT_PRODUCTS_DIR;
		};
		FD4E54E821D1271900B5A776 /* NimbleTests.xctest */ = {
			isa = PBXReferenceProxy;
			fileType = wrapper.cfbundle;
			path = NimbleTests.xctest;
			remoteRef = FD4E54E721D1271900B5A776 /* PBXContainerItemProxy */;
			sourceTree = BUILT_PRODUCTS_DIR;
		};
		FD4E54F921D1272700B5A776 /* Quick.framework */ = {
			isa = PBXReferenceProxy;
			fileType = wrapper.framework;
			path = Quick.framework;
			remoteRef = FD4E54F821D1272700B5A776 /* PBXContainerItemProxy */;
			sourceTree = BUILT_PRODUCTS_DIR;
		};
		FD4E54FB21D1272700B5A776 /* Quick - macOSTests.xctest */ = {
			isa = PBXReferenceProxy;
			fileType = wrapper.cfbundle;
			path = "Quick - macOSTests.xctest";
			remoteRef = FD4E54FA21D1272700B5A776 /* PBXContainerItemProxy */;
			sourceTree = BUILT_PRODUCTS_DIR;
		};
		FD4E54FD21D1272700B5A776 /* QuickFocused - macOSTests.xctest */ = {
			isa = PBXReferenceProxy;
			fileType = wrapper.cfbundle;
			path = "QuickFocused - macOSTests.xctest";
			remoteRef = FD4E54FC21D1272700B5A776 /* PBXContainerItemProxy */;
			sourceTree = BUILT_PRODUCTS_DIR;
		};
		FD4E54FF21D1272700B5A776 /* QuickAfterSuite - macOSTests.xctest */ = {
			isa = PBXReferenceProxy;
			fileType = wrapper.cfbundle;
			path = "QuickAfterSuite - macOSTests.xctest";
			remoteRef = FD4E54FE21D1272700B5A776 /* PBXContainerItemProxy */;
			sourceTree = BUILT_PRODUCTS_DIR;
		};
		FD4E550121D1272700B5A776 /* Quick.framework */ = {
			isa = PBXReferenceProxy;
			fileType = wrapper.framework;
			path = Quick.framework;
			remoteRef = FD4E550021D1272700B5A776 /* PBXContainerItemProxy */;
			sourceTree = BUILT_PRODUCTS_DIR;
		};
		FD4E550321D1272700B5A776 /* Quick - iOSTests.xctest */ = {
			isa = PBXReferenceProxy;
			fileType = wrapper.cfbundle;
			path = "Quick - iOSTests.xctest";
			remoteRef = FD4E550221D1272700B5A776 /* PBXContainerItemProxy */;
			sourceTree = BUILT_PRODUCTS_DIR;
		};
		FD4E550521D1272700B5A776 /* QuickFocused - iOSTests.xctest */ = {
			isa = PBXReferenceProxy;
			fileType = wrapper.cfbundle;
			path = "QuickFocused - iOSTests.xctest";
			remoteRef = FD4E550421D1272700B5A776 /* PBXContainerItemProxy */;
			sourceTree = BUILT_PRODUCTS_DIR;
		};
		FD4E550721D1272700B5A776 /* QuickAfterSuite - iOSTests.xctest */ = {
			isa = PBXReferenceProxy;
			fileType = wrapper.cfbundle;
			path = "QuickAfterSuite - iOSTests.xctest";
			remoteRef = FD4E550621D1272700B5A776 /* PBXContainerItemProxy */;
			sourceTree = BUILT_PRODUCTS_DIR;
		};
		FD4E550921D1272700B5A776 /* Quick.framework */ = {
			isa = PBXReferenceProxy;
			fileType = wrapper.framework;
			path = Quick.framework;
			remoteRef = FD4E550821D1272700B5A776 /* PBXContainerItemProxy */;
			sourceTree = BUILT_PRODUCTS_DIR;
		};
		FD4E550B21D1272700B5A776 /* Quick - tvOSTests.xctest */ = {
			isa = PBXReferenceProxy;
			fileType = wrapper.cfbundle;
			path = "Quick - tvOSTests.xctest";
			remoteRef = FD4E550A21D1272700B5A776 /* PBXContainerItemProxy */;
			sourceTree = BUILT_PRODUCTS_DIR;
		};
		FD4E550D21D1272700B5A776 /* QuickFocused - tvOSTests.xctest */ = {
			isa = PBXReferenceProxy;
			fileType = wrapper.cfbundle;
			path = "QuickFocused - tvOSTests.xctest";
			remoteRef = FD4E550C21D1272700B5A776 /* PBXContainerItemProxy */;
			sourceTree = BUILT_PRODUCTS_DIR;
		};
		FD4E550F21D1272700B5A776 /* QuickAfterSuite - tvOSTests.xctest */ = {
			isa = PBXReferenceProxy;
			fileType = wrapper.cfbundle;
			path = "QuickAfterSuite - tvOSTests.xctest";
			remoteRef = FD4E550E21D1272700B5A776 /* PBXContainerItemProxy */;
			sourceTree = BUILT_PRODUCTS_DIR;
		};
		FDB7A90521CD617B0045DDA8 /* TestKit.framework */ = {
			isa = PBXReferenceProxy;
			fileType = wrapper.framework;
			path = TestKit.framework;
			remoteRef = FDB7A90421CD617B0045DDA8 /* PBXContainerItemProxy */;
			sourceTree = BUILT_PRODUCTS_DIR;
		};
		FDB7A9B821CD6BA40045DDA8 /* ArgumentsMock.framework */ = {
			isa = PBXReferenceProxy;
			fileType = wrapper.framework;
			path = ArgumentsMock.framework;
			remoteRef = FDB7A9B721CD6BA40045DDA8 /* PBXContainerItemProxy */;
			sourceTree = BUILT_PRODUCTS_DIR;
		};
		FDDEE04F21CD4BC40007D4EB /* Arguments.framework */ = {
			isa = PBXReferenceProxy;
			fileType = wrapper.framework;
			path = Arguments.framework;
			remoteRef = FDDEE04E21CD4BC40007D4EB /* PBXContainerItemProxy */;
			sourceTree = BUILT_PRODUCTS_DIR;
		};
		FDDEE05121CD4BC40007D4EB /* SignPost.framework */ = {
			isa = PBXReferenceProxy;
			fileType = wrapper.framework;
			path = SignPost.framework;
			remoteRef = FDDEE05021CD4BC40007D4EB /* PBXContainerItemProxy */;
			sourceTree = BUILT_PRODUCTS_DIR;
		};
		FDDEE05321CD4BC40007D4EB /* Terminal.framework */ = {
			isa = PBXReferenceProxy;
			fileType = wrapper.framework;
			path = Terminal.framework;
			remoteRef = FDDEE05221CD4BC40007D4EB /* PBXContainerItemProxy */;
			sourceTree = BUILT_PRODUCTS_DIR;
		};
		FDDEE05521CD4BC40007D4EB /* Task.framework */ = {
			isa = PBXReferenceProxy;
			fileType = wrapper.framework;
			path = Task.framework;
			remoteRef = FDDEE05421CD4BC40007D4EB /* PBXContainerItemProxy */;
			sourceTree = BUILT_PRODUCTS_DIR;
		};
		FDDEE05721CD4BC40007D4EB /* SourceryAutoProtocols.framework */ = {
			isa = PBXReferenceProxy;
			fileType = wrapper.framework;
			path = SourceryAutoProtocols.framework;
			remoteRef = FDDEE05621CD4BC40007D4EB /* PBXContainerItemProxy */;
			sourceTree = BUILT_PRODUCTS_DIR;
		};
		FDDEE05921CD4BC40007D4EB /* SourceryWorker.framework */ = {
			isa = PBXReferenceProxy;
			fileType = wrapper.framework;
			path = SourceryWorker.framework;
			remoteRef = FDDEE05821CD4BC40007D4EB /* PBXContainerItemProxy */;
			sourceTree = BUILT_PRODUCTS_DIR;
		};
		FDDEE05B21CD4BC40007D4EB /* POSIX.framework */ = {
			isa = PBXReferenceProxy;
			fileType = wrapper.framework;
			path = POSIX.framework;
			remoteRef = FDDEE05A21CD4BC40007D4EB /* PBXContainerItemProxy */;
			sourceTree = BUILT_PRODUCTS_DIR;
		};
		FDDEE05D21CD4BC40007D4EB /* Errors.framework */ = {
			isa = PBXReferenceProxy;
			fileType = wrapper.framework;
			path = Errors.framework;
			remoteRef = FDDEE05C21CD4BC40007D4EB /* PBXContainerItemProxy */;
			sourceTree = BUILT_PRODUCTS_DIR;
		};
		FDDEE05F21CD4BC40007D4EB /* XCBuild.framework */ = {
			isa = PBXReferenceProxy;
			fileType = wrapper.framework;
			path = XCBuild.framework;
			remoteRef = FDDEE05E21CD4BC40007D4EB /* PBXContainerItemProxy */;
			sourceTree = BUILT_PRODUCTS_DIR;
		};
		FDDEE06121CD4BC40007D4EB /* Url.framework */ = {
			isa = PBXReferenceProxy;
			fileType = wrapper.framework;
			path = Url.framework;
			remoteRef = FDDEE06021CD4BC40007D4EB /* PBXContainerItemProxy */;
			sourceTree = BUILT_PRODUCTS_DIR;
		};
		FDDEE06321CD4BC40007D4EB /* Deliver.framework */ = {
			isa = PBXReferenceProxy;
			fileType = wrapper.framework;
			path = Deliver.framework;
			remoteRef = FDDEE06221CD4BC40007D4EB /* PBXContainerItemProxy */;
			sourceTree = BUILT_PRODUCTS_DIR;
		};
		FDDEE06521CD4BC40007D4EB /* Keychain.framework */ = {
			isa = PBXReferenceProxy;
			fileType = wrapper.framework;
			path = Keychain.framework;
			remoteRef = FDDEE06421CD4BC40007D4EB /* PBXContainerItemProxy */;
			sourceTree = BUILT_PRODUCTS_DIR;
		};
		FDDEE06721CD4BC40007D4EB /* Result.framework */ = {
			isa = PBXReferenceProxy;
			fileType = wrapper.framework;
			path = Result.framework;
			remoteRef = FDDEE06621CD4BC40007D4EB /* PBXContainerItemProxy */;
			sourceTree = BUILT_PRODUCTS_DIR;
		};
		FDDEE06B21CD4BC40007D4EB /* Git.framework */ = {
			isa = PBXReferenceProxy;
			fileType = wrapper.framework;
			path = Git.framework;
			remoteRef = FDDEE06A21CD4BC40007D4EB /* PBXContainerItemProxy */;
			sourceTree = BUILT_PRODUCTS_DIR;
		};
		FDDEE06D21CD4BC40007D4EB /* SourceryAutoProtocols.framework */ = {
			isa = PBXReferenceProxy;
			fileType = wrapper.framework;
			path = SourceryAutoProtocols.framework;
			remoteRef = FDDEE06C21CD4BC40007D4EB /* PBXContainerItemProxy */;
			sourceTree = BUILT_PRODUCTS_DIR;
		};
		FDDEE07121CD4BC40007D4EB /* ArgumentsTests.xctest */ = {
			isa = PBXReferenceProxy;
			fileType = wrapper.cfbundle;
			path = ArgumentsTests.xctest;
			remoteRef = FDDEE07021CD4BC40007D4EB /* PBXContainerItemProxy */;
			sourceTree = BUILT_PRODUCTS_DIR;
		};
		FDDEE07321CD4BC40007D4EB /* DeliverTests.xctest */ = {
			isa = PBXReferenceProxy;
			fileType = wrapper.cfbundle;
			path = DeliverTests.xctest;
			remoteRef = FDDEE07221CD4BC40007D4EB /* PBXContainerItemProxy */;
			sourceTree = BUILT_PRODUCTS_DIR;
		};
		FDDEE07521CD4BC40007D4EB /* GitTests.xctest */ = {
			isa = PBXReferenceProxy;
			fileType = wrapper.cfbundle;
			path = GitTests.xctest;
			remoteRef = FDDEE07421CD4BC40007D4EB /* PBXContainerItemProxy */;
			sourceTree = BUILT_PRODUCTS_DIR;
		};
		FDDEE07721CD4BC40007D4EB /* POSIXTests.xctest */ = {
			isa = PBXReferenceProxy;
			fileType = wrapper.cfbundle;
			path = POSIXTests.xctest;
			remoteRef = FDDEE07621CD4BC40007D4EB /* PBXContainerItemProxy */;
			sourceTree = BUILT_PRODUCTS_DIR;
		};
		FDDEE07921CD4BC40007D4EB /* ResultTests.xctest */ = {
			isa = PBXReferenceProxy;
			fileType = wrapper.cfbundle;
			path = ResultTests.xctest;
			remoteRef = FDDEE07821CD4BC40007D4EB /* PBXContainerItemProxy */;
			sourceTree = BUILT_PRODUCTS_DIR;
		};
		FDDEE07B21CD4BC40007D4EB /* TaskTests.xctest */ = {
			isa = PBXReferenceProxy;
			fileType = wrapper.cfbundle;
			path = TaskTests.xctest;
			remoteRef = FDDEE07A21CD4BC40007D4EB /* PBXContainerItemProxy */;
			sourceTree = BUILT_PRODUCTS_DIR;
		};
		FDDEE07D21CD4BC40007D4EB /* TerminalTests.xctest */ = {
			isa = PBXReferenceProxy;
			fileType = wrapper.cfbundle;
			path = TerminalTests.xctest;
			remoteRef = FDDEE07C21CD4BC40007D4EB /* PBXContainerItemProxy */;
			sourceTree = BUILT_PRODUCTS_DIR;
		};
		FDDEE07F21CD4BC40007D4EB /* UrlTests.xctest */ = {
			isa = PBXReferenceProxy;
			fileType = wrapper.cfbundle;
			path = UrlTests.xctest;
			remoteRef = FDDEE07E21CD4BC40007D4EB /* PBXContainerItemProxy */;
			sourceTree = BUILT_PRODUCTS_DIR;
		};
		FDDEE08121CD4BC40007D4EB /* XCBuildTests.xctest */ = {
			isa = PBXReferenceProxy;
			fileType = wrapper.cfbundle;
			path = XCBuildTests.xctest;
			remoteRef = FDDEE08021CD4BC40007D4EB /* PBXContainerItemProxy */;
			sourceTree = BUILT_PRODUCTS_DIR;
		};
		FDDEE08321CD4BC40007D4EB /* SourceryWorkerTests.xctest */ = {
			isa = PBXReferenceProxy;
			fileType = wrapper.cfbundle;
			path = SourceryWorkerTests.xctest;
			remoteRef = FDDEE08221CD4BC40007D4EB /* PBXContainerItemProxy */;
			sourceTree = BUILT_PRODUCTS_DIR;
		};
		FDDEE08521CD4BC40007D4EB /* SignPostTests.xctest */ = {
			isa = PBXReferenceProxy;
			fileType = wrapper.cfbundle;
			path = SignPostTests.xctest;
			remoteRef = FDDEE08421CD4BC40007D4EB /* PBXContainerItemProxy */;
			sourceTree = BUILT_PRODUCTS_DIR;
		};
/* End PBXReferenceProxy section */

/* Begin PBXResourcesBuildPhase section */
		FDDEE10521CD4D220007D4EB /* Resources */ = {
			isa = PBXResourcesBuildPhase;
			buildActionMask = 2147483647;
			files = (
				FDF72D8221D6825A006009D3 /* Cartfile in Resources */,
				FDDEE12821CD4E040007D4EB /* Assets.xcassets in Resources */,
				FDB7A8AA21CD524D0045DDA8 /* Main.storyboard in Resources */,
			);
			runOnlyForDeploymentPostprocessing = 0;
		};
		FDDEE11621CD4D230007D4EB /* Resources */ = {
			isa = PBXResourcesBuildPhase;
			buildActionMask = 2147483647;
			files = (
			);
			runOnlyForDeploymentPostprocessing = 0;
		};
/* End PBXResourcesBuildPhase section */

/* Begin PBXSourcesBuildPhase section */
		FDDEE10321CD4D220007D4EB /* Sources */ = {
			isa = PBXSourcesBuildPhase;
			buildActionMask = 2147483647;
			files = (
				FDDEE12521CD4DC90007D4EB /* AutomateHighwayViewController.swift in Sources */,
				FDDEE12621CD4DCB0007D4EB /* AutomateSourceryWorker.swift in Sources */,
				FDDEE12721CD4DD30007D4EB /* AppDelegate.swift in Sources */,
			);
			runOnlyForDeploymentPostprocessing = 0;
		};
		FDDEE11421CD4D230007D4EB /* Sources */ = {
			isa = PBXSourcesBuildPhase;
			buildActionMask = 2147483647;
			files = (
				FDB7A8A821CD51870045DDA8 /* AutomateTests.swift in Sources */,
			);
			runOnlyForDeploymentPostprocessing = 0;
		};
/* End PBXSourcesBuildPhase section */

/* Begin PBXTargetDependency section */
		FD0553F121D136F900E9B0D0 /* PBXTargetDependency */ = {
			isa = PBXTargetDependency;
			name = "ZFile-macos";
			targetProxy = FD0553F021D136F900E9B0D0 /* PBXContainerItemProxy */;
		};
		FD0553F721D1370D00E9B0D0 /* PBXTargetDependency */ = {
			isa = PBXTargetDependency;
			name = "ZFile-macos";
			targetProxy = FD0553F621D1370D00E9B0D0 /* PBXContainerItemProxy */;
		};
		FD0553F921D1373100E9B0D0 /* PBXTargetDependency */ = {
			isa = PBXTargetDependency;
			name = "ZFileMock-macos";
			targetProxy = FD0553F821D1373100E9B0D0 /* PBXContainerItemProxy */;
		};
		FD0553FD21D1376900E9B0D0 /* PBXTargetDependency */ = {
			isa = PBXTargetDependency;
			name = "ZFile-macos";
			targetProxy = FD0553FC21D1376900E9B0D0 /* PBXContainerItemProxy */;
		};
		FD0553FF21D1379400E9B0D0 /* PBXTargetDependency */ = {
			isa = PBXTargetDependency;
			name = "Quick-macOS";
			targetProxy = FD0553FE21D1379400E9B0D0 /* PBXContainerItemProxy */;
		};
		FD05540121D1379D00E9B0D0 /* PBXTargetDependency */ = {
			isa = PBXTargetDependency;
			name = "Nimble-macOS";
			targetProxy = FD05540021D1379D00E9B0D0 /* PBXContainerItemProxy */;
		};
		FD27B87921D69317008F829A /* PBXTargetDependency */ = {
			isa = PBXTargetDependency;
			name = "JWT-OSX";
			targetProxy = FD27B87821D69317008F829A /* PBXContainerItemProxy */;
		};
		FDDEE11A21CD4D230007D4EB /* PBXTargetDependency */ = {
			isa = PBXTargetDependency;
			target = FDDEE10621CD4D220007D4EB /* AutomateHighway */;
			targetProxy = FDDEE11921CD4D230007D4EB /* PBXContainerItemProxy */;
		};
		FDDEE13121CD4E6D0007D4EB /* PBXTargetDependency */ = {
			isa = PBXTargetDependency;
			name = Arguments;
			targetProxy = FDDEE13021CD4E6D0007D4EB /* PBXContainerItemProxy */;
		};
		FDDEE13521CD4E6D0007D4EB /* PBXTargetDependency */ = {
			isa = PBXTargetDependency;
			name = Keychain;
			targetProxy = FDDEE13421CD4E6D0007D4EB /* PBXContainerItemProxy */;
		};
		FDDEE13921CD4E6D0007D4EB /* PBXTargetDependency */ = {
			isa = PBXTargetDependency;
			name = Terminal;
			targetProxy = FDDEE13821CD4E6D0007D4EB /* PBXContainerItemProxy */;
		};
		FDDEE13D21CD4E6D0007D4EB /* PBXTargetDependency */ = {
			isa = PBXTargetDependency;
			name = POSIX;
			targetProxy = FDDEE13C21CD4E6D0007D4EB /* PBXContainerItemProxy */;
		};
		FDDEE14121CD4E6D0007D4EB /* PBXTargetDependency */ = {
			isa = PBXTargetDependency;
			name = XCBuild;
			targetProxy = FDDEE14021CD4E6D0007D4EB /* PBXContainerItemProxy */;
		};
		FDDEE14521CD4E6D0007D4EB /* PBXTargetDependency */ = {
			isa = PBXTargetDependency;
			name = Result;
			targetProxy = FDDEE14421CD4E6D0007D4EB /* PBXContainerItemProxy */;
		};
		FDDEE14921CD4E6D0007D4EB /* PBXTargetDependency */ = {
			isa = PBXTargetDependency;
			name = Errors;
			targetProxy = FDDEE14821CD4E6D0007D4EB /* PBXContainerItemProxy */;
		};
		FDDEE14D21CD4E6D0007D4EB /* PBXTargetDependency */ = {
			isa = PBXTargetDependency;
			name = SourceryAutoProtocols;
			targetProxy = FDDEE14C21CD4E6D0007D4EB /* PBXContainerItemProxy */;
		};
		FDDEE15121CD4E6D0007D4EB /* PBXTargetDependency */ = {
			isa = PBXTargetDependency;
			name = Git;
			targetProxy = FDDEE15021CD4E6D0007D4EB /* PBXContainerItemProxy */;
		};
		FDDEE15521CD4E6D0007D4EB /* PBXTargetDependency */ = {
			isa = PBXTargetDependency;
			name = Deliver;
			targetProxy = FDDEE15421CD4E6D0007D4EB /* PBXContainerItemProxy */;
		};
		FDDEE15921CD4E6D0007D4EB /* PBXTargetDependency */ = {
			isa = PBXTargetDependency;
			name = Task;
			targetProxy = FDDEE15821CD4E6D0007D4EB /* PBXContainerItemProxy */;
		};
		FDDEE15D21CD4E6D0007D4EB /* PBXTargetDependency */ = {
			isa = PBXTargetDependency;
			name = Url;
			targetProxy = FDDEE15C21CD4E6D0007D4EB /* PBXContainerItemProxy */;
		};
		FDDEE16121CD4E6D0007D4EB /* PBXTargetDependency */ = {
			isa = PBXTargetDependency;
			name = SourceryWorker;
			targetProxy = FDDEE16021CD4E6D0007D4EB /* PBXContainerItemProxy */;
		};
		FDDEE16921CD4E6D0007D4EB /* PBXTargetDependency */ = {
			isa = PBXTargetDependency;
			name = SignPost;
			targetProxy = FDDEE16821CD4E6D0007D4EB /* PBXContainerItemProxy */;
		};
/* End PBXTargetDependency section */

/* Begin PBXVariantGroup section */
		FDDEE02721CD4B820007D4EB /* Main.storyboard */ = {
			isa = PBXVariantGroup;
			children = (
				FDDEE02821CD4B820007D4EB /* Base */,
			);
			name = Main.storyboard;
			sourceTree = "<group>";
		};
/* End PBXVariantGroup section */

/* Begin XCBuildConfiguration section */
		FDDEDFC421CD4B4A0007D4EB /* Debug */ = {
			isa = XCBuildConfiguration;
			buildSettings = {
				ALWAYS_SEARCH_USER_PATHS = NO;
				CLANG_ANALYZER_NONNULL = YES;
				CLANG_ANALYZER_NUMBER_OBJECT_CONVERSION = YES_AGGRESSIVE;
				CLANG_CXX_LANGUAGE_STANDARD = "gnu++14";
				CLANG_CXX_LIBRARY = "libc++";
				CLANG_ENABLE_MODULES = YES;
				CLANG_ENABLE_OBJC_ARC = YES;
				CLANG_ENABLE_OBJC_WEAK = YES;
				CLANG_WARN_BLOCK_CAPTURE_AUTORELEASING = YES;
				CLANG_WARN_BOOL_CONVERSION = YES;
				CLANG_WARN_COMMA = YES;
				CLANG_WARN_CONSTANT_CONVERSION = YES;
				CLANG_WARN_DEPRECATED_OBJC_IMPLEMENTATIONS = YES;
				CLANG_WARN_DIRECT_OBJC_ISA_USAGE = YES_ERROR;
				CLANG_WARN_DOCUMENTATION_COMMENTS = YES;
				CLANG_WARN_EMPTY_BODY = YES;
				CLANG_WARN_ENUM_CONVERSION = YES;
				CLANG_WARN_INFINITE_RECURSION = YES;
				CLANG_WARN_INT_CONVERSION = YES;
				CLANG_WARN_NON_LITERAL_NULL_CONVERSION = YES;
				CLANG_WARN_OBJC_IMPLICIT_RETAIN_SELF = YES;
				CLANG_WARN_OBJC_LITERAL_CONVERSION = YES;
				CLANG_WARN_OBJC_ROOT_CLASS = YES_ERROR;
				CLANG_WARN_RANGE_LOOP_ANALYSIS = YES;
				CLANG_WARN_STRICT_PROTOTYPES = YES;
				CLANG_WARN_SUSPICIOUS_MOVE = YES;
				CLANG_WARN_UNGUARDED_AVAILABILITY = YES_AGGRESSIVE;
				CLANG_WARN_UNREACHABLE_CODE = YES;
				CLANG_WARN__DUPLICATE_METHOD_MATCH = YES;
				CODE_SIGN_IDENTITY = "Mac Developer";
				CODE_SIGN_INJECT_BASE_ENTITLEMENTS = NO;
				COPY_PHASE_STRIP = NO;
				DEBUG_INFORMATION_FORMAT = dwarf;
				ENABLE_STRICT_OBJC_MSGSEND = YES;
				ENABLE_TESTABILITY = YES;
				FRAMEWORK_SEARCH_PATHS = "$(SRCROOT)/.build.nosync/Products/$(CONFIGURATION)$(EFFECTIVE_PLATFORM_NAME)";
				GCC_C_LANGUAGE_STANDARD = gnu11;
				GCC_DYNAMIC_NO_PIC = NO;
				GCC_NO_COMMON_BLOCKS = YES;
				GCC_OPTIMIZATION_LEVEL = 0;
				GCC_PREPROCESSOR_DEFINITIONS = (
					"DEBUG=1",
					"$(inherited)",
				);
				GCC_WARN_64_TO_32_BIT_CONVERSION = YES;
				GCC_WARN_ABOUT_RETURN_TYPE = YES_ERROR;
				GCC_WARN_UNDECLARED_SELECTOR = YES;
				GCC_WARN_UNINITIALIZED_AUTOS = YES_AGGRESSIVE;
				GCC_WARN_UNUSED_FUNCTION = YES;
				GCC_WARN_UNUSED_VARIABLE = YES;
				MACOSX_DEPLOYMENT_TARGET = 10.13;
				MTL_ENABLE_DEBUG_INFO = INCLUDE_SOURCE;
				MTL_FAST_MATH = YES;
				ONLY_ACTIVE_ARCH = YES;
				SDKROOT = macosx;
				SWIFT_ACTIVE_COMPILATION_CONDITIONS = DEBUG;
				SWIFT_OPTIMIZATION_LEVEL = "-Onone";
			};
			name = Debug;
		};
		FDDEDFC521CD4B4A0007D4EB /* Release */ = {
			isa = XCBuildConfiguration;
			buildSettings = {
				ALWAYS_SEARCH_USER_PATHS = NO;
				CLANG_ANALYZER_NONNULL = YES;
				CLANG_ANALYZER_NUMBER_OBJECT_CONVERSION = YES_AGGRESSIVE;
				CLANG_CXX_LANGUAGE_STANDARD = "gnu++14";
				CLANG_CXX_LIBRARY = "libc++";
				CLANG_ENABLE_MODULES = YES;
				CLANG_ENABLE_OBJC_ARC = YES;
				CLANG_ENABLE_OBJC_WEAK = YES;
				CLANG_WARN_BLOCK_CAPTURE_AUTORELEASING = YES;
				CLANG_WARN_BOOL_CONVERSION = YES;
				CLANG_WARN_COMMA = YES;
				CLANG_WARN_CONSTANT_CONVERSION = YES;
				CLANG_WARN_DEPRECATED_OBJC_IMPLEMENTATIONS = YES;
				CLANG_WARN_DIRECT_OBJC_ISA_USAGE = YES_ERROR;
				CLANG_WARN_DOCUMENTATION_COMMENTS = YES;
				CLANG_WARN_EMPTY_BODY = YES;
				CLANG_WARN_ENUM_CONVERSION = YES;
				CLANG_WARN_INFINITE_RECURSION = YES;
				CLANG_WARN_INT_CONVERSION = YES;
				CLANG_WARN_NON_LITERAL_NULL_CONVERSION = YES;
				CLANG_WARN_OBJC_IMPLICIT_RETAIN_SELF = YES;
				CLANG_WARN_OBJC_LITERAL_CONVERSION = YES;
				CLANG_WARN_OBJC_ROOT_CLASS = YES_ERROR;
				CLANG_WARN_RANGE_LOOP_ANALYSIS = YES;
				CLANG_WARN_STRICT_PROTOTYPES = YES;
				CLANG_WARN_SUSPICIOUS_MOVE = YES;
				CLANG_WARN_UNGUARDED_AVAILABILITY = YES_AGGRESSIVE;
				CLANG_WARN_UNREACHABLE_CODE = YES;
				CLANG_WARN__DUPLICATE_METHOD_MATCH = YES;
				CODE_SIGN_IDENTITY = "Mac Developer";
				CODE_SIGN_INJECT_BASE_ENTITLEMENTS = NO;
				COPY_PHASE_STRIP = NO;
				DEBUG_INFORMATION_FORMAT = "dwarf-with-dsym";
				ENABLE_NS_ASSERTIONS = NO;
				ENABLE_STRICT_OBJC_MSGSEND = YES;
				FRAMEWORK_SEARCH_PATHS = "$(SRCROOT)/.build.nosync/Products/$(CONFIGURATION)$(EFFECTIVE_PLATFORM_NAME)";
				GCC_C_LANGUAGE_STANDARD = gnu11;
				GCC_NO_COMMON_BLOCKS = YES;
				GCC_WARN_64_TO_32_BIT_CONVERSION = YES;
				GCC_WARN_ABOUT_RETURN_TYPE = YES_ERROR;
				GCC_WARN_UNDECLARED_SELECTOR = YES;
				GCC_WARN_UNINITIALIZED_AUTOS = YES_AGGRESSIVE;
				GCC_WARN_UNUSED_FUNCTION = YES;
				GCC_WARN_UNUSED_VARIABLE = YES;
				MACOSX_DEPLOYMENT_TARGET = 10.13;
				MTL_ENABLE_DEBUG_INFO = NO;
				MTL_FAST_MATH = YES;
				SDKROOT = macosx;
				SWIFT_COMPILATION_MODE = wholemodule;
				SWIFT_OPTIMIZATION_LEVEL = "-O";
			};
			name = Release;
		};
		FDDEE12021CD4D230007D4EB /* Debug */ = {
			isa = XCBuildConfiguration;
			buildSettings = {
				ALWAYS_EMBED_SWIFT_STANDARD_LIBRARIES = YES;
				ASSETCATALOG_COMPILER_APPICON_NAME = AppIcon;
				CODE_SIGN_ENTITLEMENTS = Sources/AutomateHighway/AutomateHighway.entitlements;
				CODE_SIGN_IDENTITY = "Mac Developer";
				CODE_SIGN_INJECT_BASE_ENTITLEMENTS = NO;
				CODE_SIGN_STYLE = Manual;
				COMBINE_HIDPI_IMAGES = YES;
				DEVELOPMENT_TEAM = WWFDRU947Q;
				INFOPLIST_FILE = Sources/AutomateHighway/Info.plist;
				LD_RUNPATH_SEARCH_PATHS = (
					"$(inherited)",
					"@executable_path/../Frameworks",
				);
				PRODUCT_BUNDLE_IDENTIFIER = be.dooz.AutomateHighway;
				PRODUCT_NAME = "$(TARGET_NAME)";
				PROVISIONING_PROFILE_SPECIFIER = "";
				SWIFT_VERSION = 4.2;
			};
			name = Debug;
		};
		FDDEE12121CD4D230007D4EB /* Release */ = {
			isa = XCBuildConfiguration;
			buildSettings = {
				ALWAYS_EMBED_SWIFT_STANDARD_LIBRARIES = YES;
				ASSETCATALOG_COMPILER_APPICON_NAME = AppIcon;
				CODE_SIGN_ENTITLEMENTS = Sources/AutomateHighway/AutomateHighway.entitlements;
				CODE_SIGN_IDENTITY = "Mac Developer";
				CODE_SIGN_INJECT_BASE_ENTITLEMENTS = NO;
				CODE_SIGN_STYLE = Manual;
				COMBINE_HIDPI_IMAGES = YES;
				DEVELOPMENT_TEAM = WWFDRU947Q;
				INFOPLIST_FILE = Sources/AutomateHighway/Info.plist;
				LD_RUNPATH_SEARCH_PATHS = (
					"$(inherited)",
					"@executable_path/../Frameworks",
				);
				PRODUCT_BUNDLE_IDENTIFIER = be.dooz.AutomateHighway;
				PRODUCT_NAME = "$(TARGET_NAME)";
				PROVISIONING_PROFILE_SPECIFIER = "";
				SWIFT_VERSION = 4.2;
			};
			name = Release;
		};
		FDDEE12321CD4D230007D4EB /* Debug */ = {
			isa = XCBuildConfiguration;
			buildSettings = {
				ALWAYS_EMBED_SWIFT_STANDARD_LIBRARIES = YES;
				BUNDLE_LOADER = "$(TEST_HOST)";
				CODE_SIGN_IDENTITY = "Mac Developer";
				CODE_SIGN_STYLE = Automatic;
				COMBINE_HIDPI_IMAGES = YES;
				DEVELOPMENT_TEAM = WWFDRU947Q;
				INFOPLIST_FILE = Tests/AutomateHighwayTests/Info.plist;
				LD_RUNPATH_SEARCH_PATHS = (
					"$(inherited)",
					"@executable_path/../Frameworks",
					"@loader_path/../Frameworks",
				);
				PRODUCT_BUNDLE_IDENTIFIER = be.dooz.AutomateHighwayTests;
				PRODUCT_NAME = "$(TARGET_NAME)";
				PROVISIONING_PROFILE_SPECIFIER = "";
				SWIFT_VERSION = 4.2;
				TEST_HOST = "$(BUILT_PRODUCTS_DIR)/AutomateHighway.app/Contents/MacOS/AutomateHighway";
			};
			name = Debug;
		};
		FDDEE12421CD4D230007D4EB /* Release */ = {
			isa = XCBuildConfiguration;
			buildSettings = {
				ALWAYS_EMBED_SWIFT_STANDARD_LIBRARIES = YES;
				BUNDLE_LOADER = "$(TEST_HOST)";
				CODE_SIGN_IDENTITY = "Mac Developer";
				CODE_SIGN_STYLE = Automatic;
				COMBINE_HIDPI_IMAGES = YES;
				DEVELOPMENT_TEAM = WWFDRU947Q;
				INFOPLIST_FILE = Tests/AutomateHighwayTests/Info.plist;
				LD_RUNPATH_SEARCH_PATHS = (
					"$(inherited)",
					"@executable_path/../Frameworks",
					"@loader_path/../Frameworks",
				);
				PRODUCT_BUNDLE_IDENTIFIER = be.dooz.AutomateHighwayTests;
				PRODUCT_NAME = "$(TARGET_NAME)";
				PROVISIONING_PROFILE_SPECIFIER = "";
				SWIFT_VERSION = 4.2;
				TEST_HOST = "$(BUILT_PRODUCTS_DIR)/AutomateHighway.app/Contents/MacOS/AutomateHighway";
			};
			name = Release;
		};
/* End XCBuildConfiguration section */

/* Begin XCConfigurationList section */
		FDDEDFB321CD4B490007D4EB /* Build configuration list for PBXProject "Automate🛣" */ = {
			isa = XCConfigurationList;
			buildConfigurations = (
				FDDEDFC421CD4B4A0007D4EB /* Debug */,
				FDDEDFC521CD4B4A0007D4EB /* Release */,
			);
			defaultConfigurationIsVisible = 0;
			defaultConfigurationName = Release;
		};
		FDDEE11F21CD4D230007D4EB /* Build configuration list for PBXNativeTarget "AutomateHighway" */ = {
			isa = XCConfigurationList;
			buildConfigurations = (
				FDDEE12021CD4D230007D4EB /* Debug */,
				FDDEE12121CD4D230007D4EB /* Release */,
			);
			defaultConfigurationIsVisible = 0;
			defaultConfigurationName = Release;
		};
		FDDEE12221CD4D230007D4EB /* Build configuration list for PBXNativeTarget "AutomateHighwayTests" */ = {
			isa = XCConfigurationList;
			buildConfigurations = (
				FDDEE12321CD4D230007D4EB /* Debug */,
				FDDEE12421CD4D230007D4EB /* Release */,
			);
			defaultConfigurationIsVisible = 0;
			defaultConfigurationName = Release;
		};
/* End XCConfigurationList section */
	};
	rootObject = FDDEDFB021CD4B490007D4EB /* Project object */;
}
